// !$*UTF8*$!
{
	archiveVersion = 1;
	classes = {
	};
	objectVersion = 46;
	objects = {

/* Begin PBXBuildFile section */
		360A449E1D61A5B800668FF5 /* SubscriptionListViewController.m in Sources */ = {isa = PBXBuildFile; fileRef = 360A449D1D61A5B800668FF5 /* SubscriptionListViewController.m */; };
		360A44A01D61C06400668FF5 /* libsqlite3.tbd in Frameworks */ = {isa = PBXBuildFile; fileRef = 36379D341BC66A0700CA6C81 /* libsqlite3.tbd */; };
		361778F51CB666D800C4CCB0 /* CoreTelephony.framework in Frameworks */ = {isa = PBXBuildFile; fileRef = 361778F41CB666D800C4CCB0 /* CoreTelephony.framework */; };
		362797D51FE3BF6100C4B406 /* BCPayReq.m in Sources */ = {isa = PBXBuildFile; fileRef = 3627973C1FE3BF6100C4B406 /* BCPayReq.m */; };
		362797D61FE3BF6100C4B406 /* BCPayResp.m in Sources */ = {isa = PBXBuildFile; fileRef = 3627973D1FE3BF6100C4B406 /* BCPayResp.m */; };
		362797D71FE3BF6100C4B406 /* BCSubscriptionQuery.m in Sources */ = {isa = PBXBuildFile; fileRef = 362797411FE3BF6100C4B406 /* BCSubscriptionQuery.m */; };
		362797D81FE3BF6100C4B406 /* BCSubscription.m in Sources */ = {isa = PBXBuildFile; fileRef = 362797431FE3BF6100C4B406 /* BCSubscription.m */; };
		362797D91FE3BF6100C4B406 /* BCNewSubscription.m in Sources */ = {isa = PBXBuildFile; fileRef = 362797451FE3BF6100C4B406 /* BCNewSubscription.m */; };
		362797DA1FE3BF6100C4B406 /* BCPreRefundReq.m in Sources */ = {isa = PBXBuildFile; fileRef = 362797491FE3BF6100C4B406 /* BCPreRefundReq.m */; };
		362797DB1FE3BF6100C4B406 /* BCPreRefundResp.m in Sources */ = {isa = PBXBuildFile; fileRef = 3627974A1FE3BF6100C4B406 /* BCPreRefundResp.m */; };
		362797DC1FE3BF6100C4B406 /* BCQueryBillByIdResp.m in Sources */ = {isa = PBXBuildFile; fileRef = 3627974C1FE3BF6100C4B406 /* BCQueryBillByIdResp.m */; };
		362797DD1FE3BF6100C4B406 /* BCQueryBillByIdReq.m in Sources */ = {isa = PBXBuildFile; fileRef = 3627974F1FE3BF6100C4B406 /* BCQueryBillByIdReq.m */; };
		362797DE1FE3BF6100C4B406 /* BCRefundStatusReq.m in Sources */ = {isa = PBXBuildFile; fileRef = 362797531FE3BF6100C4B406 /* BCRefundStatusReq.m */; };
		362797DF1FE3BF6100C4B406 /* BCRefundStatusResp.m in Sources */ = {isa = PBXBuildFile; fileRef = 362797541FE3BF6100C4B406 /* BCRefundStatusResp.m */; };
		362797E01FE3BF6100C4B406 /* BCBaseReq.m in Sources */ = {isa = PBXBuildFile; fileRef = 362797581FE3BF6100C4B406 /* BCBaseReq.m */; };
		362797E11FE3BF6100C4B406 /* BCBaseResp.m in Sources */ = {isa = PBXBuildFile; fileRef = 362797591FE3BF6100C4B406 /* BCBaseResp.m */; };
		362797E21FE3BF6100C4B406 /* BCQueryRefundsResp.m in Sources */ = {isa = PBXBuildFile; fileRef = 3627975B1FE3BF6100C4B406 /* BCQueryRefundsResp.m */; };
		362797E31FE3BF6100C4B406 /* BCQueryRefundsReq.m in Sources */ = {isa = PBXBuildFile; fileRef = 3627975C1FE3BF6100C4B406 /* BCQueryRefundsReq.m */; };
		362797E41FE3BF6100C4B406 /* BCQueryRefundByIdReq.m in Sources */ = {isa = PBXBuildFile; fileRef = 362797601FE3BF6100C4B406 /* BCQueryRefundByIdReq.m */; };
		362797E51FE3BF6100C4B406 /* BCQueryRefundByIdResp.m in Sources */ = {isa = PBXBuildFile; fileRef = 362797611FE3BF6100C4B406 /* BCQueryRefundByIdResp.m */; };
		362797E61FE3BF6100C4B406 /* BCQueryBillsCountResp.m in Sources */ = {isa = PBXBuildFile; fileRef = 362797651FE3BF6100C4B406 /* BCQueryBillsCountResp.m */; };
		362797E71FE3BF6100C4B406 /* BCQueryBillsCountReq.m in Sources */ = {isa = PBXBuildFile; fileRef = 362797661FE3BF6100C4B406 /* BCQueryBillsCountReq.m */; };
		362797E81FE3BF6100C4B406 /* BCQueryBillResult.m in Sources */ = {isa = PBXBuildFile; fileRef = 3627976A1FE3BF6100C4B406 /* BCQueryBillResult.m */; };
		362797E91FE3BF6100C4B406 /* BCBaseResult.m in Sources */ = {isa = PBXBuildFile; fileRef = 3627976E1FE3BF6100C4B406 /* BCBaseResult.m */; };
		362797EA1FE3BF6100C4B406 /* BCQueryRefundResult.m in Sources */ = {isa = PBXBuildFile; fileRef = 3627976F1FE3BF6100C4B406 /* BCQueryRefundResult.m */; };
		362797EB1FE3BF6100C4B406 /* BCQueryBillsReq.m in Sources */ = {isa = PBXBuildFile; fileRef = 362797721FE3BF6100C4B406 /* BCQueryBillsReq.m */; };
		362797EC1FE3BF6100C4B406 /* BCQueryBillsResp.m in Sources */ = {isa = PBXBuildFile; fileRef = 362797741FE3BF6100C4B406 /* BCQueryBillsResp.m */; };
		362797ED1FE3BF6100C4B406 /* BCQueryRefundsCountReq.m in Sources */ = {isa = PBXBuildFile; fileRef = 362797781FE3BF6100C4B406 /* BCQueryRefundsCountReq.m */; };
		362797EE1FE3BF6100C4B406 /* BCQueryRefundsCountResp.m in Sources */ = {isa = PBXBuildFile; fileRef = 362797791FE3BF6100C4B406 /* BCQueryRefundsCountResp.m */; };
		362797EF1FE3BF6100C4B406 /* BCAuthReq.m in Sources */ = {isa = PBXBuildFile; fileRef = 3627977C1FE3BF6100C4B406 /* BCAuthReq.m */; };
		362797F01FE3BF6100C4B406 /* BeeCloud.m in Sources */ = {isa = PBXBuildFile; fileRef = 3627977D1FE3BF6100C4B406 /* BeeCloud.m */; };
		362797F11FE3BF6100C4B406 /* NSString+IsValid.m in Sources */ = {isa = PBXBuildFile; fileRef = 362797801FE3BF6100C4B406 /* NSString+IsValid.m */; };
		362797F21FE3BF6100C4B406 /* BCPayUtil.m in Sources */ = {isa = PBXBuildFile; fileRef = 362797811FE3BF6100C4B406 /* BCPayUtil.m */; };
		362797F31FE3BF6100C4B406 /* BeeCloud+Utils.m in Sources */ = {isa = PBXBuildFile; fileRef = 362797851FE3BF6100C4B406 /* BeeCloud+Utils.m */; };
		362797F41FE3BF6100C4B406 /* BCPayCache.m in Sources */ = {isa = PBXBuildFile; fileRef = 362797861FE3BF6100C4B406 /* BCPayCache.m */; };
		362797F51FE3BF6100C4B406 /* NSDictionary+Utils.m in Sources */ = {isa = PBXBuildFile; fileRef = 362797881FE3BF6100C4B406 /* NSDictionary+Utils.m */; };
		362797F61FE3BF6100C4B406 /* BCURLRequestSerialization.m in Sources */ = {isa = PBXBuildFile; fileRef = 362797901FE3BF6100C4B406 /* BCURLRequestSerialization.m */; };
		362797F71FE3BF6100C4B406 /* BCHTTPSessionManager.m in Sources */ = {isa = PBXBuildFile; fileRef = 362797921FE3BF6100C4B406 /* BCHTTPSessionManager.m */; };
		362797F81FE3BF6100C4B406 /* BCNetworkReachabilityManager.m in Sources */ = {isa = PBXBuildFile; fileRef = 362797931FE3BF6100C4B406 /* BCNetworkReachabilityManager.m */; };
		362797F91FE3BF6100C4B406 /* BCSecurityPolicy.m in Sources */ = {isa = PBXBuildFile; fileRef = 362797941FE3BF6100C4B406 /* BCSecurityPolicy.m */; };
		362797FA1FE3BF6100C4B406 /* BCURLResponseSerialization.m in Sources */ = {isa = PBXBuildFile; fileRef = 362797961FE3BF6100C4B406 /* BCURLResponseSerialization.m */; };
		362797FB1FE3BF6100C4B406 /* BCURLSessionManager.m in Sources */ = {isa = PBXBuildFile; fileRef = 362797971FE3BF6100C4B406 /* BCURLSessionManager.m */; };
		362797FC1FE3BF6100C4B406 /* BCNetworkHelper.m in Sources */ = {isa = PBXBuildFile; fileRef = 362797991FE3BF6100C4B406 /* BCNetworkHelper.m */; };
		362797FD1FE3BF6100C4B406 /* BeeCloudAdapter.m in Sources */ = {isa = PBXBuildFile; fileRef = 3627979D1FE3BF6100C4B406 /* BeeCloudAdapter.m */; };
		362797FE1FE3BF6100C4B406 /* BCSandBoxAdapter.m in Sources */ = {isa = PBXBuildFile; fileRef = 362797A21FE3BF6100C4B406 /* BCSandBoxAdapter.m */; };
		362797FF1FE3BF6100C4B406 /* BeeCloud.bundle in Resources */ = {isa = PBXBuildFile; fileRef = 362797A41FE3BF6100C4B406 /* BeeCloud.bundle */; };
		362798001FE3BF6100C4B406 /* PaySandBoxViewController.m in Sources */ = {isa = PBXBuildFile; fileRef = 362797A51FE3BF6100C4B406 /* PaySandBoxViewController.m */; };
		362798011FE3BF6100C4B406 /* AliPayAdapter.m in Sources */ = {isa = PBXBuildFile; fileRef = 362797AC1FE3BF6100C4B406 /* AliPayAdapter.m */; };
		362798021FE3BF6100C4B406 /* AlipaySDK.framework in Frameworks */ = {isa = PBXBuildFile; fileRef = 362797AD1FE3BF6100C4B406 /* AlipaySDK.framework */; };
		362798031FE3BF6100C4B406 /* BCOfflineStatusResp.m in Sources */ = {isa = PBXBuildFile; fileRef = 362797B01FE3BF6100C4B406 /* BCOfflineStatusResp.m */; };
		362798041FE3BF6100C4B406 /* BCOfflinePayResp.m in Sources */ = {isa = PBXBuildFile; fileRef = 362797B21FE3BF6100C4B406 /* BCOfflinePayResp.m */; };
		362798051FE3BF6100C4B406 /* BCOfflineRevertResp.m in Sources */ = {isa = PBXBuildFile; fileRef = 362797B41FE3BF6100C4B406 /* BCOfflineRevertResp.m */; };
		362798061FE3BF6100C4B406 /* OfflineAdapter.m in Sources */ = {isa = PBXBuildFile; fileRef = 362797B81FE3BF6100C4B406 /* OfflineAdapter.m */; };
		362798071FE3BF6100C4B406 /* BCOfflinePayReq.m in Sources */ = {isa = PBXBuildFile; fileRef = 362797BA1FE3BF6100C4B406 /* BCOfflinePayReq.m */; };
		362798081FE3BF6100C4B406 /* BCOfflineRevertReq.m in Sources */ = {isa = PBXBuildFile; fileRef = 362797BB1FE3BF6100C4B406 /* BCOfflineRevertReq.m */; };
		362798091FE3BF6100C4B406 /* BCOfflineStatusReq.m in Sources */ = {isa = PBXBuildFile; fileRef = 362797BC1FE3BF6100C4B406 /* BCOfflineStatusReq.m */; };
		3627980A1FE3BF6100C4B406 /* libUPAPayPlugin.a in Frameworks */ = {isa = PBXBuildFile; fileRef = 362797C21FE3BF6100C4B406 /* libUPAPayPlugin.a */; };
		3627980B1FE3BF6100C4B406 /* ApplePayAdapter.mm in Sources */ = {isa = PBXBuildFile; fileRef = 362797C41FE3BF6100C4B406 /* ApplePayAdapter.mm */; };
		3627980C1FE3BF6100C4B406 /* WXPayAdapter.m in Sources */ = {isa = PBXBuildFile; fileRef = 362797CD1FE3BF6100C4B406 /* WXPayAdapter.m */; };
		3627980D1FE3BF6100C4B406 /* libWeChatSDK.a in Frameworks */ = {isa = PBXBuildFile; fileRef = 362797CE1FE3BF6100C4B406 /* libWeChatSDK.a */; };
		3627980E1FE3BF6100C4B406 /* UnionPayAdapter.m in Sources */ = {isa = PBXBuildFile; fileRef = 362797D21FE3BF6100C4B406 /* UnionPayAdapter.m */; };
		3627980F1FE3BF6100C4B406 /* libPaymentControl.a in Frameworks */ = {isa = PBXBuildFile; fileRef = 362797D41FE3BF6100C4B406 /* libPaymentControl.a */; };
		362FC8EF1BF5DE5F007450FF /* XCTestCase+AsyncTesting.m in Sources */ = {isa = PBXBuildFile; fileRef = 362FC8E11BF5DE5F007450FF /* XCTestCase+AsyncTesting.m */; };
		36379D371BC66A1300CA6C81 /* libc++.tbd in Frameworks */ = {isa = PBXBuildFile; fileRef = 36379D361BC66A1300CA6C81 /* libc++.tbd */; };
		36383E6D1D1D140E00CB6DBD /* BCPreRefundTest.m in Sources */ = {isa = PBXBuildFile; fileRef = 36383E6C1D1D140E00CB6DBD /* BCPreRefundTest.m */; };
		363AE73F1D546C55007AEE2F /* SubscriptionViewController.m in Sources */ = {isa = PBXBuildFile; fileRef = 363AE73E1D546C55007AEE2F /* SubscriptionViewController.m */; };
		363B89391C97A79500DD2AB1 /* PassKit.framework in Frameworks */ = {isa = PBXBuildFile; fileRef = 3639726E1C7AB60300412108 /* PassKit.framework */; };
		3658B0021BB2A0DA00183C28 /* PayChannelCell.m in Sources */ = {isa = PBXBuildFile; fileRef = 3658B0011BB2A0DA00183C28 /* PayChannelCell.m */; };
		366807C11D5DA7180050C9BB /* NewSubscriptionViewController.m in Sources */ = {isa = PBXBuildFile; fileRef = 366807C01D5DA7180050C9BB /* NewSubscriptionViewController.m */; };
		367267DC1BAA63BC007D7C64 /* ScanViewController.m in Sources */ = {isa = PBXBuildFile; fileRef = 367267D81BAA63BC007D7C64 /* ScanViewController.m */; };
		367267DD1BAA63BC007D7C64 /* pick_bg@2x.png in Resources */ = {isa = PBXBuildFile; fileRef = 367267DA1BAA63BC007D7C64 /* pick_bg@2x.png */; };
		367267DE1BAA63BC007D7C64 /* line@2x.png in Resources */ = {isa = PBXBuildFile; fileRef = 367267DB1BAA63BC007D7C64 /* line@2x.png */; };
		368EA8D61BB3922800F1F9D3 /* Security.framework in Frameworks */ = {isa = PBXBuildFile; fileRef = 368EA8D51BB3922800F1F9D3 /* Security.framework */; };
		368EA8D91BB3923F00F1F9D3 /* AddressBook.framework in Frameworks */ = {isa = PBXBuildFile; fileRef = 368EA8D71BB3923F00F1F9D3 /* AddressBook.framework */; };
		368EA8DA1BB3923F00F1F9D3 /* AddressBookUI.framework in Frameworks */ = {isa = PBXBuildFile; fileRef = 368EA8D81BB3923F00F1F9D3 /* AddressBookUI.framework */; };
		368EA8DC1BB3925C00F1F9D3 /* MobileCoreServices.framework in Frameworks */ = {isa = PBXBuildFile; fileRef = 368EA8DB1BB3925C00F1F9D3 /* MobileCoreServices.framework */; };
		368EA8DE1BB3926D00F1F9D3 /* CFNetwork.framework in Frameworks */ = {isa = PBXBuildFile; fileRef = 368EA8DD1BB3926D00F1F9D3 /* CFNetwork.framework */; };
		368EA8E01BB3927700F1F9D3 /* ImageIO.framework in Frameworks */ = {isa = PBXBuildFile; fileRef = 368EA8DF1BB3927700F1F9D3 /* ImageIO.framework */; };
		368EA8E21BB3929000F1F9D3 /* CoreGraphics.framework in Frameworks */ = {isa = PBXBuildFile; fileRef = 368EA8E11BB3929000F1F9D3 /* CoreGraphics.framework */; };
		368EA8E41BB392AF00F1F9D3 /* libz.1.2.5.tbd in Frameworks */ = {isa = PBXBuildFile; fileRef = 368EA8E31BB392AF00F1F9D3 /* libz.1.2.5.tbd */; };
		369462501C03FE3B002A35D0 /* BeeCloudTest.m in Sources */ = {isa = PBXBuildFile; fileRef = 3694624F1C03FE3B002A35D0 /* BeeCloudTest.m */; };
		369750261B68C659009FAEDB /* main.m in Sources */ = {isa = PBXBuildFile; fileRef = 369750251B68C659009FAEDB /* main.m */; };
		369750291B68C659009FAEDB /* AppDelegate.m in Sources */ = {isa = PBXBuildFile; fileRef = 369750281B68C659009FAEDB /* AppDelegate.m */; };
		3697502C1B68C659009FAEDB /* ViewController.m in Sources */ = {isa = PBXBuildFile; fileRef = 3697502B1B68C659009FAEDB /* ViewController.m */; };
		3697502F1B68C659009FAEDB /* Main.storyboard in Resources */ = {isa = PBXBuildFile; fileRef = 3697502D1B68C659009FAEDB /* Main.storyboard */; };
		369750311B68C659009FAEDB /* Images.xcassets in Resources */ = {isa = PBXBuildFile; fileRef = 369750301B68C659009FAEDB /* Images.xcassets */; };
		369750341B68C659009FAEDB /* LaunchScreen.xib in Resources */ = {isa = PBXBuildFile; fileRef = 369750321B68C659009FAEDB /* LaunchScreen.xib */; };
		3697504B1B68C6D5009FAEDB /* QueryResultViewController.m in Sources */ = {isa = PBXBuildFile; fileRef = 369750471B68C6D5009FAEDB /* QueryResultViewController.m */; };
		3697504C1B68C6D5009FAEDB /* GuideViewController.m in Sources */ = {isa = PBXBuildFile; fileRef = 369750481B68C6D5009FAEDB /* GuideViewController.m */; };
		369B3A191BA95CB300051CCE /* GenQrCode.m in Sources */ = {isa = PBXBuildFile; fileRef = 369B3A181BA95CB300051CCE /* GenQrCode.m */; };
		369B3A1C1BA9646300051CCE /* QRCodeViewController.m in Sources */ = {isa = PBXBuildFile; fileRef = 369B3A1B1BA9646200051CCE /* QRCodeViewController.m */; };
		36AF1A251BB158810007592E /* InfoPlist.strings in Resources */ = {isa = PBXBuildFile; fileRef = 36AF1A241BB158810007592E /* InfoPlist.strings */; };
		36DCE40B1B8F4A19004BB25E /* Accelerate.framework in Frameworks */ = {isa = PBXBuildFile; fileRef = 36DCE4091B8F4A19004BB25E /* Accelerate.framework */; };
		36DCE40C1B8F4A19004BB25E /* AVFoundation.framework in Frameworks */ = {isa = PBXBuildFile; fileRef = 36DCE40A1B8F4A19004BB25E /* AVFoundation.framework */; };
		36DCE40F1B8F4A5E004BB25E /* CoreMedia.framework in Frameworks */ = {isa = PBXBuildFile; fileRef = 36DCE40D1B8F4A5E004BB25E /* CoreMedia.framework */; };
		36DCE4101B8F4A5E004BB25E /* CoreVideo.framework in Frameworks */ = {isa = PBXBuildFile; fileRef = 36DCE40E1B8F4A5E004BB25E /* CoreVideo.framework */; };
		36DCE4121B8F4A78004BB25E /* MessageUI.framework in Frameworks */ = {isa = PBXBuildFile; fileRef = 36DCE4111B8F4A78004BB25E /* MessageUI.framework */; };
		36DCE4141B8F4A93004BB25E /* CoreLocation.framework in Frameworks */ = {isa = PBXBuildFile; fileRef = 36DCE4131B8F4A93004BB25E /* CoreLocation.framework */; };
		36DCE4161B8F4ACA004BB25E /* AudioToolbox.framework in Frameworks */ = {isa = PBXBuildFile; fileRef = 36DCE4151B8F4ACA004BB25E /* AudioToolbox.framework */; };
		36E556A41C2B8E1C00DACE7C /* BCPayCacheTest.m in Sources */ = {isa = PBXBuildFile; fileRef = 36E556A31C2B8E1C00DACE7C /* BCPayCacheTest.m */; };
		36E66DE31C0837AC00A6F62B /* BCPayReqTest.m in Sources */ = {isa = PBXBuildFile; fileRef = 36E66DE21C0837AC00A6F62B /* BCPayReqTest.m */; };
		36E66DE51C08397300A6F62B /* BCQueryBillsReqTest.m in Sources */ = {isa = PBXBuildFile; fileRef = 36E66DE41C08397300A6F62B /* BCQueryBillsReqTest.m */; };
		36E66DE71C083BC300A6F62B /* BCQueryRefundsReqTest.m in Sources */ = {isa = PBXBuildFile; fileRef = 36E66DE61C083BC300A6F62B /* BCQueryRefundsReqTest.m */; };
		36E66DE91C083C5800A6F62B /* BCRefundStatusReqTest.m in Sources */ = {isa = PBXBuildFile; fileRef = 36E66DE81C083C5800A6F62B /* BCRefundStatusReqTest.m */; };
		36E66DEB1C08431C00A6F62B /* BCQueryBillByIdReqTest.m in Sources */ = {isa = PBXBuildFile; fileRef = 36E66DEA1C08431C00A6F62B /* BCQueryBillByIdReqTest.m */; };
		36E66DED1C0849EC00A6F62B /* BCQueryRefundByIdReqTest.m in Sources */ = {isa = PBXBuildFile; fileRef = 36E66DEC1C0849EC00A6F62B /* BCQueryRefundByIdReqTest.m */; };
		36E66DF01C08508300A6F62B /* BCQueryBillsCountReqTest.m in Sources */ = {isa = PBXBuildFile; fileRef = 36E66DEF1C08508300A6F62B /* BCQueryBillsCountReqTest.m */; };
		36E66DF21C0852CA00A6F62B /* BCQueryRefundsCountReqTest.m in Sources */ = {isa = PBXBuildFile; fileRef = 36E66DF11C0852CA00A6F62B /* BCQueryRefundsCountReqTest.m */; };
		36FAD4FB1D2FA5F000955FC0 /* CoreMotion.framework in Frameworks */ = {isa = PBXBuildFile; fileRef = 36FAD4FA1D2FA5F000955FC0 /* CoreMotion.framework */; };
		7C43BF941BEDE26F0039B4E4 /* BCPayUtilTest.m in Sources */ = {isa = PBXBuildFile; fileRef = 7C43BF8F1BEDE26F0039B4E4 /* BCPayUtilTest.m */; };
		7C43BF951BEDE26F0039B4E4 /* BeeCloudUtilsTest.m in Sources */ = {isa = PBXBuildFile; fileRef = 7C43BF911BEDE26F0039B4E4 /* BeeCloudUtilsTest.m */; };
		7C43BF9A1BEDE8D00039B4E4 /* NSStringIsValidTest.m in Sources */ = {isa = PBXBuildFile; fileRef = 7C43BF991BEDE8D00039B4E4 /* NSStringIsValidTest.m */; };
		7C43BF9C1BEDED200039B4E4 /* NSDictionaryUtilsTest.m in Sources */ = {isa = PBXBuildFile; fileRef = 7C43BF9B1BEDED200039B4E4 /* NSDictionaryUtilsTest.m */; };
/* End PBXBuildFile section */

/* Begin PBXContainerItemProxy section */
		7C43BF8A1BEDE22B0039B4E4 /* PBXContainerItemProxy */ = {
			isa = PBXContainerItemProxy;
			containerPortal = 364BC5A11B5E32FD00EAFCCE /* Project object */;
			proxyType = 1;
			remoteGlobalIDString = 369750201B68C659009FAEDB;
			remoteInfo = BCPayExample;
		};
/* End PBXContainerItemProxy section */

/* Begin PBXFileReference section */
		360A449C1D61A5B800668FF5 /* SubscriptionListViewController.h */ = {isa = PBXFileReference; fileEncoding = 4; lastKnownFileType = sourcecode.c.h; path = SubscriptionListViewController.h; sourceTree = "<group>"; };
		360A449D1D61A5B800668FF5 /* SubscriptionListViewController.m */ = {isa = PBXFileReference; fileEncoding = 4; lastKnownFileType = sourcecode.c.objc; path = SubscriptionListViewController.m; sourceTree = "<group>"; };
		361778F41CB666D800C4CCB0 /* CoreTelephony.framework */ = {isa = PBXFileReference; lastKnownFileType = wrapper.framework; name = CoreTelephony.framework; path = System/Library/Frameworks/CoreTelephony.framework; sourceTree = SDKROOT; };
		3627973B1FE3BF6100C4B406 /* BCPayResp.h */ = {isa = PBXFileReference; fileEncoding = 4; lastKnownFileType = sourcecode.c.h; path = BCPayResp.h; sourceTree = "<group>"; };
		3627973C1FE3BF6100C4B406 /* BCPayReq.m */ = {isa = PBXFileReference; fileEncoding = 4; lastKnownFileType = sourcecode.c.objc; path = BCPayReq.m; sourceTree = "<group>"; };
		3627973D1FE3BF6100C4B406 /* BCPayResp.m */ = {isa = PBXFileReference; fileEncoding = 4; lastKnownFileType = sourcecode.c.objc; path = BCPayResp.m; sourceTree = "<group>"; };
		3627973E1FE3BF6100C4B406 /* BCPayReq.h */ = {isa = PBXFileReference; fileEncoding = 4; lastKnownFileType = sourcecode.c.h; path = BCPayReq.h; sourceTree = "<group>"; };
		362797401FE3BF6100C4B406 /* BCSubscription.h */ = {isa = PBXFileReference; fileEncoding = 4; lastKnownFileType = sourcecode.c.h; path = BCSubscription.h; sourceTree = "<group>"; };
		362797411FE3BF6100C4B406 /* BCSubscriptionQuery.m */ = {isa = PBXFileReference; fileEncoding = 4; lastKnownFileType = sourcecode.c.objc; path = BCSubscriptionQuery.m; sourceTree = "<group>"; };
		362797421FE3BF6100C4B406 /* BCNewSubscription.h */ = {isa = PBXFileReference; fileEncoding = 4; lastKnownFileType = sourcecode.c.h; path = BCNewSubscription.h; sourceTree = "<group>"; };
		362797431FE3BF6100C4B406 /* BCSubscription.m */ = {isa = PBXFileReference; fileEncoding = 4; lastKnownFileType = sourcecode.c.objc; path = BCSubscription.m; sourceTree = "<group>"; };
		362797441FE3BF6100C4B406 /* BCSubscriptionQuery.h */ = {isa = PBXFileReference; fileEncoding = 4; lastKnownFileType = sourcecode.c.h; path = BCSubscriptionQuery.h; sourceTree = "<group>"; };
		362797451FE3BF6100C4B406 /* BCNewSubscription.m */ = {isa = PBXFileReference; fileEncoding = 4; lastKnownFileType = sourcecode.c.objc; path = BCNewSubscription.m; sourceTree = "<group>"; };
		362797471FE3BF6100C4B406 /* BCPreRefundResp.h */ = {isa = PBXFileReference; fileEncoding = 4; lastKnownFileType = sourcecode.c.h; path = BCPreRefundResp.h; sourceTree = "<group>"; };
		362797481FE3BF6100C4B406 /* BCPreRefundReq.h */ = {isa = PBXFileReference; fileEncoding = 4; lastKnownFileType = sourcecode.c.h; path = BCPreRefundReq.h; sourceTree = "<group>"; };
		362797491FE3BF6100C4B406 /* BCPreRefundReq.m */ = {isa = PBXFileReference; fileEncoding = 4; lastKnownFileType = sourcecode.c.objc; path = BCPreRefundReq.m; sourceTree = "<group>"; };
		3627974A1FE3BF6100C4B406 /* BCPreRefundResp.m */ = {isa = PBXFileReference; fileEncoding = 4; lastKnownFileType = sourcecode.c.objc; path = BCPreRefundResp.m; sourceTree = "<group>"; };
		3627974C1FE3BF6100C4B406 /* BCQueryBillByIdResp.m */ = {isa = PBXFileReference; fileEncoding = 4; lastKnownFileType = sourcecode.c.objc; path = BCQueryBillByIdResp.m; sourceTree = "<group>"; };
		3627974D1FE3BF6100C4B406 /* BCQueryBillByIdReq.h */ = {isa = PBXFileReference; fileEncoding = 4; lastKnownFileType = sourcecode.c.h; path = BCQueryBillByIdReq.h; sourceTree = "<group>"; };
		3627974E1FE3BF6100C4B406 /* BCQueryBillByIdResp.h */ = {isa = PBXFileReference; fileEncoding = 4; lastKnownFileType = sourcecode.c.h; path = BCQueryBillByIdResp.h; sourceTree = "<group>"; };
		3627974F1FE3BF6100C4B406 /* BCQueryBillByIdReq.m */ = {isa = PBXFileReference; fileEncoding = 4; lastKnownFileType = sourcecode.c.objc; path = BCQueryBillByIdReq.m; sourceTree = "<group>"; };
		362797511FE3BF6100C4B406 /* BCRefundStatusReq.h */ = {isa = PBXFileReference; fileEncoding = 4; lastKnownFileType = sourcecode.c.h; path = BCRefundStatusReq.h; sourceTree = "<group>"; };
		362797521FE3BF6100C4B406 /* BCRefundStatusResp.h */ = {isa = PBXFileReference; fileEncoding = 4; lastKnownFileType = sourcecode.c.h; path = BCRefundStatusResp.h; sourceTree = "<group>"; };
		362797531FE3BF6100C4B406 /* BCRefundStatusReq.m */ = {isa = PBXFileReference; fileEncoding = 4; lastKnownFileType = sourcecode.c.objc; path = BCRefundStatusReq.m; sourceTree = "<group>"; };
		362797541FE3BF6100C4B406 /* BCRefundStatusResp.m */ = {isa = PBXFileReference; fileEncoding = 4; lastKnownFileType = sourcecode.c.objc; path = BCRefundStatusResp.m; sourceTree = "<group>"; };
		362797561FE3BF6100C4B406 /* BCBaseReq.h */ = {isa = PBXFileReference; fileEncoding = 4; lastKnownFileType = sourcecode.c.h; path = BCBaseReq.h; sourceTree = "<group>"; };
		362797571FE3BF6100C4B406 /* BCBaseResp.h */ = {isa = PBXFileReference; fileEncoding = 4; lastKnownFileType = sourcecode.c.h; path = BCBaseResp.h; sourceTree = "<group>"; };
		362797581FE3BF6100C4B406 /* BCBaseReq.m */ = {isa = PBXFileReference; fileEncoding = 4; lastKnownFileType = sourcecode.c.objc; path = BCBaseReq.m; sourceTree = "<group>"; };
		362797591FE3BF6100C4B406 /* BCBaseResp.m */ = {isa = PBXFileReference; fileEncoding = 4; lastKnownFileType = sourcecode.c.objc; path = BCBaseResp.m; sourceTree = "<group>"; };
		3627975B1FE3BF6100C4B406 /* BCQueryRefundsResp.m */ = {isa = PBXFileReference; fileEncoding = 4; lastKnownFileType = sourcecode.c.objc; path = BCQueryRefundsResp.m; sourceTree = "<group>"; };
		3627975C1FE3BF6100C4B406 /* BCQueryRefundsReq.m */ = {isa = PBXFileReference; fileEncoding = 4; lastKnownFileType = sourcecode.c.objc; path = BCQueryRefundsReq.m; sourceTree = "<group>"; };
		3627975D1FE3BF6100C4B406 /* BCQueryRefundsResp.h */ = {isa = PBXFileReference; fileEncoding = 4; lastKnownFileType = sourcecode.c.h; path = BCQueryRefundsResp.h; sourceTree = "<group>"; };
		3627975E1FE3BF6100C4B406 /* BCQueryRefundsReq.h */ = {isa = PBXFileReference; fileEncoding = 4; lastKnownFileType = sourcecode.c.h; path = BCQueryRefundsReq.h; sourceTree = "<group>"; };
		362797601FE3BF6100C4B406 /* BCQueryRefundByIdReq.m */ = {isa = PBXFileReference; fileEncoding = 4; lastKnownFileType = sourcecode.c.objc; path = BCQueryRefundByIdReq.m; sourceTree = "<group>"; };
		362797611FE3BF6100C4B406 /* BCQueryRefundByIdResp.m */ = {isa = PBXFileReference; fileEncoding = 4; lastKnownFileType = sourcecode.c.objc; path = BCQueryRefundByIdResp.m; sourceTree = "<group>"; };
		362797621FE3BF6100C4B406 /* BCQueryRefundByIdResp.h */ = {isa = PBXFileReference; fileEncoding = 4; lastKnownFileType = sourcecode.c.h; path = BCQueryRefundByIdResp.h; sourceTree = "<group>"; };
		362797631FE3BF6100C4B406 /* BCQueryRefundByIdReq.h */ = {isa = PBXFileReference; fileEncoding = 4; lastKnownFileType = sourcecode.c.h; path = BCQueryRefundByIdReq.h; sourceTree = "<group>"; };
		362797651FE3BF6100C4B406 /* BCQueryBillsCountResp.m */ = {isa = PBXFileReference; fileEncoding = 4; lastKnownFileType = sourcecode.c.objc; path = BCQueryBillsCountResp.m; sourceTree = "<group>"; };
		362797661FE3BF6100C4B406 /* BCQueryBillsCountReq.m */ = {isa = PBXFileReference; fileEncoding = 4; lastKnownFileType = sourcecode.c.objc; path = BCQueryBillsCountReq.m; sourceTree = "<group>"; };
		362797671FE3BF6100C4B406 /* BCQueryBillsCountResp.h */ = {isa = PBXFileReference; fileEncoding = 4; lastKnownFileType = sourcecode.c.h; path = BCQueryBillsCountResp.h; sourceTree = "<group>"; };
		362797681FE3BF6100C4B406 /* BCQueryBillsCountReq.h */ = {isa = PBXFileReference; fileEncoding = 4; lastKnownFileType = sourcecode.c.h; path = BCQueryBillsCountReq.h; sourceTree = "<group>"; };
		3627976A1FE3BF6100C4B406 /* BCQueryBillResult.m */ = {isa = PBXFileReference; fileEncoding = 4; lastKnownFileType = sourcecode.c.objc; path = BCQueryBillResult.m; sourceTree = "<group>"; };
		3627976B1FE3BF6100C4B406 /* BCBaseResult.h */ = {isa = PBXFileReference; fileEncoding = 4; lastKnownFileType = sourcecode.c.h; path = BCBaseResult.h; sourceTree = "<group>"; };
		3627976C1FE3BF6100C4B406 /* BCQueryRefundResult.h */ = {isa = PBXFileReference; fileEncoding = 4; lastKnownFileType = sourcecode.c.h; path = BCQueryRefundResult.h; sourceTree = "<group>"; };
		3627976D1FE3BF6100C4B406 /* BCQueryBillResult.h */ = {isa = PBXFileReference; fileEncoding = 4; lastKnownFileType = sourcecode.c.h; path = BCQueryBillResult.h; sourceTree = "<group>"; };
		3627976E1FE3BF6100C4B406 /* BCBaseResult.m */ = {isa = PBXFileReference; fileEncoding = 4; lastKnownFileType = sourcecode.c.objc; path = BCBaseResult.m; sourceTree = "<group>"; };
		3627976F1FE3BF6100C4B406 /* BCQueryRefundResult.m */ = {isa = PBXFileReference; fileEncoding = 4; lastKnownFileType = sourcecode.c.objc; path = BCQueryRefundResult.m; sourceTree = "<group>"; };
		362797711FE3BF6100C4B406 /* BCQueryBillsResp.h */ = {isa = PBXFileReference; fileEncoding = 4; lastKnownFileType = sourcecode.c.h; path = BCQueryBillsResp.h; sourceTree = "<group>"; };
		362797721FE3BF6100C4B406 /* BCQueryBillsReq.m */ = {isa = PBXFileReference; fileEncoding = 4; lastKnownFileType = sourcecode.c.objc; path = BCQueryBillsReq.m; sourceTree = "<group>"; };
		362797731FE3BF6100C4B406 /* BCQueryBillsReq.h */ = {isa = PBXFileReference; fileEncoding = 4; lastKnownFileType = sourcecode.c.h; path = BCQueryBillsReq.h; sourceTree = "<group>"; };
		362797741FE3BF6100C4B406 /* BCQueryBillsResp.m */ = {isa = PBXFileReference; fileEncoding = 4; lastKnownFileType = sourcecode.c.objc; path = BCQueryBillsResp.m; sourceTree = "<group>"; };
		362797761FE3BF6100C4B406 /* BCQueryRefundsCountReq.h */ = {isa = PBXFileReference; fileEncoding = 4; lastKnownFileType = sourcecode.c.h; path = BCQueryRefundsCountReq.h; sourceTree = "<group>"; };
		362797771FE3BF6100C4B406 /* BCQueryRefundsCountResp.h */ = {isa = PBXFileReference; fileEncoding = 4; lastKnownFileType = sourcecode.c.h; path = BCQueryRefundsCountResp.h; sourceTree = "<group>"; };
		362797781FE3BF6100C4B406 /* BCQueryRefundsCountReq.m */ = {isa = PBXFileReference; fileEncoding = 4; lastKnownFileType = sourcecode.c.objc; path = BCQueryRefundsCountReq.m; sourceTree = "<group>"; };
		362797791FE3BF6100C4B406 /* BCQueryRefundsCountResp.m */ = {isa = PBXFileReference; fileEncoding = 4; lastKnownFileType = sourcecode.c.objc; path = BCQueryRefundsCountResp.m; sourceTree = "<group>"; };
		3627977B1FE3BF6100C4B406 /* BCAuthReq.h */ = {isa = PBXFileReference; fileEncoding = 4; lastKnownFileType = sourcecode.c.h; path = BCAuthReq.h; sourceTree = "<group>"; };
		3627977C1FE3BF6100C4B406 /* BCAuthReq.m */ = {isa = PBXFileReference; fileEncoding = 4; lastKnownFileType = sourcecode.c.objc; path = BCAuthReq.m; sourceTree = "<group>"; };
		3627977D1FE3BF6100C4B406 /* BeeCloud.m */ = {isa = PBXFileReference; fileEncoding = 4; lastKnownFileType = sourcecode.c.objc; path = BeeCloud.m; sourceTree = "<group>"; };
		3627977F1FE3BF6100C4B406 /* NSDictionary+Utils.h */ = {isa = PBXFileReference; fileEncoding = 4; lastKnownFileType = sourcecode.c.h; path = "NSDictionary+Utils.h"; sourceTree = "<group>"; };
		362797801FE3BF6100C4B406 /* NSString+IsValid.m */ = {isa = PBXFileReference; fileEncoding = 4; lastKnownFileType = sourcecode.c.objc; path = "NSString+IsValid.m"; sourceTree = "<group>"; };
		362797811FE3BF6100C4B406 /* BCPayUtil.m */ = {isa = PBXFileReference; fileEncoding = 4; lastKnownFileType = sourcecode.c.objc; path = BCPayUtil.m; sourceTree = "<group>"; };
		362797821FE3BF6100C4B406 /* BCPayConstant.h */ = {isa = PBXFileReference; fileEncoding = 4; lastKnownFileType = sourcecode.c.h; path = BCPayConstant.h; sourceTree = "<group>"; };
		362797831FE3BF6100C4B406 /* BCNetworkHelper.h */ = {isa = PBXFileReference; fileEncoding = 4; lastKnownFileType = sourcecode.c.h; path = BCNetworkHelper.h; sourceTree = "<group>"; };
		362797841FE3BF6100C4B406 /* BCCategory.h */ = {isa = PBXFileReference; fileEncoding = 4; lastKnownFileType = sourcecode.c.h; path = BCCategory.h; sourceTree = "<group>"; };
		362797851FE3BF6100C4B406 /* BeeCloud+Utils.m */ = {isa = PBXFileReference; fileEncoding = 4; lastKnownFileType = sourcecode.c.objc; path = "BeeCloud+Utils.m"; sourceTree = "<group>"; };
		362797861FE3BF6100C4B406 /* BCPayCache.m */ = {isa = PBXFileReference; fileEncoding = 4; lastKnownFileType = sourcecode.c.objc; path = BCPayCache.m; sourceTree = "<group>"; };
		362797871FE3BF6100C4B406 /* NSString+IsValid.h */ = {isa = PBXFileReference; fileEncoding = 4; lastKnownFileType = sourcecode.c.h; path = "NSString+IsValid.h"; sourceTree = "<group>"; };
		362797881FE3BF6100C4B406 /* NSDictionary+Utils.m */ = {isa = PBXFileReference; fileEncoding = 4; lastKnownFileType = sourcecode.c.objc; path = "NSDictionary+Utils.m"; sourceTree = "<group>"; };
		362797891FE3BF6100C4B406 /* BCPayUtil.h */ = {isa = PBXFileReference; fileEncoding = 4; lastKnownFileType = sourcecode.c.h; path = BCPayUtil.h; sourceTree = "<group>"; };
		3627978B1FE3BF6100C4B406 /* BCSecurityPolicy.h */ = {isa = PBXFileReference; fileEncoding = 4; lastKnownFileType = sourcecode.c.h; path = BCSecurityPolicy.h; sourceTree = "<group>"; };
		3627978C1FE3BF6100C4B406 /* BCNetworkReachabilityManager.h */ = {isa = PBXFileReference; fileEncoding = 4; lastKnownFileType = sourcecode.c.h; path = BCNetworkReachabilityManager.h; sourceTree = "<group>"; };
		3627978D1FE3BF6100C4B406 /* BCHTTPSessionManager.h */ = {isa = PBXFileReference; fileEncoding = 4; lastKnownFileType = sourcecode.c.h; path = BCHTTPSessionManager.h; sourceTree = "<group>"; };
		3627978E1FE3BF6100C4B406 /* BCURLSessionManager.h */ = {isa = PBXFileReference; fileEncoding = 4; lastKnownFileType = sourcecode.c.h; path = BCURLSessionManager.h; sourceTree = "<group>"; };
		3627978F1FE3BF6100C4B406 /* BCURLResponseSerialization.h */ = {isa = PBXFileReference; fileEncoding = 4; lastKnownFileType = sourcecode.c.h; path = BCURLResponseSerialization.h; sourceTree = "<group>"; };
		362797901FE3BF6100C4B406 /* BCURLRequestSerialization.m */ = {isa = PBXFileReference; fileEncoding = 4; lastKnownFileType = sourcecode.c.objc; path = BCURLRequestSerialization.m; sourceTree = "<group>"; };
		362797911FE3BF6100C4B406 /* BCNetworking.h */ = {isa = PBXFileReference; fileEncoding = 4; lastKnownFileType = sourcecode.c.h; path = BCNetworking.h; sourceTree = "<group>"; };
		362797921FE3BF6100C4B406 /* BCHTTPSessionManager.m */ = {isa = PBXFileReference; fileEncoding = 4; lastKnownFileType = sourcecode.c.objc; path = BCHTTPSessionManager.m; sourceTree = "<group>"; };
		362797931FE3BF6100C4B406 /* BCNetworkReachabilityManager.m */ = {isa = PBXFileReference; fileEncoding = 4; lastKnownFileType = sourcecode.c.objc; path = BCNetworkReachabilityManager.m; sourceTree = "<group>"; };
		362797941FE3BF6100C4B406 /* BCSecurityPolicy.m */ = {isa = PBXFileReference; fileEncoding = 4; lastKnownFileType = sourcecode.c.objc; path = BCSecurityPolicy.m; sourceTree = "<group>"; };
		362797951FE3BF6100C4B406 /* BCURLRequestSerialization.h */ = {isa = PBXFileReference; fileEncoding = 4; lastKnownFileType = sourcecode.c.h; path = BCURLRequestSerialization.h; sourceTree = "<group>"; };
		362797961FE3BF6100C4B406 /* BCURLResponseSerialization.m */ = {isa = PBXFileReference; fileEncoding = 4; lastKnownFileType = sourcecode.c.objc; path = BCURLResponseSerialization.m; sourceTree = "<group>"; };
		362797971FE3BF6100C4B406 /* BCURLSessionManager.m */ = {isa = PBXFileReference; fileEncoding = 4; lastKnownFileType = sourcecode.c.objc; path = BCURLSessionManager.m; sourceTree = "<group>"; };
		362797981FE3BF6100C4B406 /* BeeCloud+Utils.h */ = {isa = PBXFileReference; fileEncoding = 4; lastKnownFileType = sourcecode.c.h; path = "BeeCloud+Utils.h"; sourceTree = "<group>"; };
		362797991FE3BF6100C4B406 /* BCNetworkHelper.m */ = {isa = PBXFileReference; fileEncoding = 4; lastKnownFileType = sourcecode.c.objc; path = BCNetworkHelper.m; sourceTree = "<group>"; };
		3627979A1FE3BF6100C4B406 /* BCPayCache.h */ = {isa = PBXFileReference; fileEncoding = 4; lastKnownFileType = sourcecode.c.h; path = BCPayCache.h; sourceTree = "<group>"; };
		3627979C1FE3BF6100C4B406 /* BeeCloudAdapter.h */ = {isa = PBXFileReference; fileEncoding = 4; lastKnownFileType = sourcecode.c.h; path = BeeCloudAdapter.h; sourceTree = "<group>"; };
		3627979D1FE3BF6100C4B406 /* BeeCloudAdapter.m */ = {isa = PBXFileReference; fileEncoding = 4; lastKnownFileType = sourcecode.c.objc; path = BeeCloudAdapter.m; sourceTree = "<group>"; };
		3627979E1FE3BF6100C4B406 /* BeeCloudAdapterProtocol.h */ = {isa = PBXFileReference; fileEncoding = 4; lastKnownFileType = sourcecode.c.h; path = BeeCloudAdapterProtocol.h; sourceTree = "<group>"; };
		362797A11FE3BF6100C4B406 /* BCSandBoxAdapter.h */ = {isa = PBXFileReference; fileEncoding = 4; lastKnownFileType = sourcecode.c.h; path = BCSandBoxAdapter.h; sourceTree = "<group>"; };
		362797A21FE3BF6100C4B406 /* BCSandBoxAdapter.m */ = {isa = PBXFileReference; fileEncoding = 4; lastKnownFileType = sourcecode.c.objc; path = BCSandBoxAdapter.m; sourceTree = "<group>"; };
		362797A31FE3BF6100C4B406 /* PaySandBoxViewController.h */ = {isa = PBXFileReference; fileEncoding = 4; lastKnownFileType = sourcecode.c.h; path = PaySandBoxViewController.h; sourceTree = "<group>"; };
		362797A41FE3BF6100C4B406 /* BeeCloud.bundle */ = {isa = PBXFileReference; lastKnownFileType = "wrapper.plug-in"; path = BeeCloud.bundle; sourceTree = "<group>"; };
		362797A51FE3BF6100C4B406 /* PaySandBoxViewController.m */ = {isa = PBXFileReference; fileEncoding = 4; lastKnownFileType = sourcecode.c.objc; path = PaySandBoxViewController.m; sourceTree = "<group>"; };
		362797A61FE3BF6100C4B406 /* BCPayObjects.h */ = {isa = PBXFileReference; fileEncoding = 4; lastKnownFileType = sourcecode.c.h; path = BCPayObjects.h; sourceTree = "<group>"; };
		362797A71FE3BF6100C4B406 /* BeeCloud.h */ = {isa = PBXFileReference; fileEncoding = 4; lastKnownFileType = sourcecode.c.h; path = BeeCloud.h; sourceTree = "<group>"; };
		362797AB1FE3BF6100C4B406 /* AliPayAdapter.h */ = {isa = PBXFileReference; fileEncoding = 4; lastKnownFileType = sourcecode.c.h; path = AliPayAdapter.h; sourceTree = "<group>"; };
		362797AC1FE3BF6100C4B406 /* AliPayAdapter.m */ = {isa = PBXFileReference; fileEncoding = 4; lastKnownFileType = sourcecode.c.objc; path = AliPayAdapter.m; sourceTree = "<group>"; };
		362797AD1FE3BF6100C4B406 /* AlipaySDK.framework */ = {isa = PBXFileReference; lastKnownFileType = wrapper.framework; path = AlipaySDK.framework; sourceTree = "<group>"; };
		362797B01FE3BF6100C4B406 /* BCOfflineStatusResp.m */ = {isa = PBXFileReference; fileEncoding = 4; lastKnownFileType = sourcecode.c.objc; path = BCOfflineStatusResp.m; sourceTree = "<group>"; };
		362797B11FE3BF6100C4B406 /* BCOfflineRevertResp.h */ = {isa = PBXFileReference; fileEncoding = 4; lastKnownFileType = sourcecode.c.h; path = BCOfflineRevertResp.h; sourceTree = "<group>"; };
		362797B21FE3BF6100C4B406 /* BCOfflinePayResp.m */ = {isa = PBXFileReference; fileEncoding = 4; lastKnownFileType = sourcecode.c.objc; path = BCOfflinePayResp.m; sourceTree = "<group>"; };
		362797B31FE3BF6100C4B406 /* BCOfflineStatusResp.h */ = {isa = PBXFileReference; fileEncoding = 4; lastKnownFileType = sourcecode.c.h; path = BCOfflineStatusResp.h; sourceTree = "<group>"; };
		362797B41FE3BF6100C4B406 /* BCOfflineRevertResp.m */ = {isa = PBXFileReference; fileEncoding = 4; lastKnownFileType = sourcecode.c.objc; path = BCOfflineRevertResp.m; sourceTree = "<group>"; };
		362797B51FE3BF6100C4B406 /* BCOfflinePayResp.h */ = {isa = PBXFileReference; fileEncoding = 4; lastKnownFileType = sourcecode.c.h; path = BCOfflinePayResp.h; sourceTree = "<group>"; };
		362797B71FE3BF6100C4B406 /* OfflineAdapter.h */ = {isa = PBXFileReference; fileEncoding = 4; lastKnownFileType = sourcecode.c.h; path = OfflineAdapter.h; sourceTree = "<group>"; };
		362797B81FE3BF6100C4B406 /* OfflineAdapter.m */ = {isa = PBXFileReference; fileEncoding = 4; lastKnownFileType = sourcecode.c.objc; path = OfflineAdapter.m; sourceTree = "<group>"; };
		362797BA1FE3BF6100C4B406 /* BCOfflinePayReq.m */ = {isa = PBXFileReference; fileEncoding = 4; lastKnownFileType = sourcecode.c.objc; path = BCOfflinePayReq.m; sourceTree = "<group>"; };
		362797BB1FE3BF6100C4B406 /* BCOfflineRevertReq.m */ = {isa = PBXFileReference; fileEncoding = 4; lastKnownFileType = sourcecode.c.objc; path = BCOfflineRevertReq.m; sourceTree = "<group>"; };
		362797BC1FE3BF6100C4B406 /* BCOfflineStatusReq.m */ = {isa = PBXFileReference; fileEncoding = 4; lastKnownFileType = sourcecode.c.objc; path = BCOfflineStatusReq.m; sourceTree = "<group>"; };
		362797BD1FE3BF6100C4B406 /* BCOfflinePayReq.h */ = {isa = PBXFileReference; fileEncoding = 4; lastKnownFileType = sourcecode.c.h; path = BCOfflinePayReq.h; sourceTree = "<group>"; };
		362797BE1FE3BF6100C4B406 /* BCOfflineRevertReq.h */ = {isa = PBXFileReference; fileEncoding = 4; lastKnownFileType = sourcecode.c.h; path = BCOfflineRevertReq.h; sourceTree = "<group>"; };
		362797BF1FE3BF6100C4B406 /* BCOfflineStatusReq.h */ = {isa = PBXFileReference; fileEncoding = 4; lastKnownFileType = sourcecode.c.h; path = BCOfflineStatusReq.h; sourceTree = "<group>"; };
		362797C01FE3BF6100C4B406 /* BCOffinePay.h */ = {isa = PBXFileReference; fileEncoding = 4; lastKnownFileType = sourcecode.c.h; path = BCOffinePay.h; sourceTree = "<group>"; };
		362797C21FE3BF6100C4B406 /* libUPAPayPlugin.a */ = {isa = PBXFileReference; lastKnownFileType = archive.ar; path = libUPAPayPlugin.a; sourceTree = "<group>"; };
		362797C41FE3BF6100C4B406 /* ApplePayAdapter.mm */ = {isa = PBXFileReference; fileEncoding = 4; lastKnownFileType = sourcecode.cpp.objcpp; path = ApplePayAdapter.mm; sourceTree = "<group>"; };
		362797C51FE3BF6100C4B406 /* ApplePayAdapter.h */ = {isa = PBXFileReference; fileEncoding = 4; lastKnownFileType = sourcecode.c.h; path = ApplePayAdapter.h; sourceTree = "<group>"; };
		362797C61FE3BF6100C4B406 /* UPAPayPlugin.h */ = {isa = PBXFileReference; fileEncoding = 4; lastKnownFileType = sourcecode.c.h; path = UPAPayPlugin.h; sourceTree = "<group>"; };
		362797C71FE3BF6100C4B406 /* UPAPayPluginDelegate.h */ = {isa = PBXFileReference; fileEncoding = 4; lastKnownFileType = sourcecode.c.h; path = UPAPayPluginDelegate.h; sourceTree = "<group>"; };
		362797C91FE3BF6100C4B406 /* WXApi.h */ = {isa = PBXFileReference; fileEncoding = 4; lastKnownFileType = sourcecode.c.h; path = WXApi.h; sourceTree = "<group>"; };
		362797CA1FE3BF6100C4B406 /* WXApiObject.h */ = {isa = PBXFileReference; fileEncoding = 4; lastKnownFileType = sourcecode.c.h; path = WXApiObject.h; sourceTree = "<group>"; };
		362797CC1FE3BF6100C4B406 /* WXPayAdapter.h */ = {isa = PBXFileReference; fileEncoding = 4; lastKnownFileType = sourcecode.c.h; path = WXPayAdapter.h; sourceTree = "<group>"; };
		362797CD1FE3BF6100C4B406 /* WXPayAdapter.m */ = {isa = PBXFileReference; fileEncoding = 4; lastKnownFileType = sourcecode.c.objc; path = WXPayAdapter.m; sourceTree = "<group>"; };
		362797CE1FE3BF6100C4B406 /* libWeChatSDK.a */ = {isa = PBXFileReference; lastKnownFileType = archive.ar; path = libWeChatSDK.a; sourceTree = "<group>"; };
		362797D01FE3BF6100C4B406 /* UPPaymentControl.h */ = {isa = PBXFileReference; fileEncoding = 4; lastKnownFileType = sourcecode.c.h; path = UPPaymentControl.h; sourceTree = "<group>"; };
		362797D21FE3BF6100C4B406 /* UnionPayAdapter.m */ = {isa = PBXFileReference; fileEncoding = 4; lastKnownFileType = sourcecode.c.objc; path = UnionPayAdapter.m; sourceTree = "<group>"; };
		362797D31FE3BF6100C4B406 /* UnionPayAdapter.h */ = {isa = PBXFileReference; fileEncoding = 4; lastKnownFileType = sourcecode.c.h; path = UnionPayAdapter.h; sourceTree = "<group>"; };
		362797D41FE3BF6100C4B406 /* libPaymentControl.a */ = {isa = PBXFileReference; lastKnownFileType = archive.ar; path = libPaymentControl.a; sourceTree = "<group>"; };
		362FC8E01BF5DE5F007450FF /* XCTestCase+AsyncTesting.h */ = {isa = PBXFileReference; fileEncoding = 4; lastKnownFileType = sourcecode.c.h; path = "XCTestCase+AsyncTesting.h"; sourceTree = "<group>"; };
		362FC8E11BF5DE5F007450FF /* XCTestCase+AsyncTesting.m */ = {isa = PBXFileReference; fileEncoding = 4; lastKnownFileType = sourcecode.c.objc; path = "XCTestCase+AsyncTesting.m"; sourceTree = "<group>"; };
		36379D341BC66A0700CA6C81 /* libsqlite3.tbd */ = {isa = PBXFileReference; lastKnownFileType = "sourcecode.text-based-dylib-definition"; name = libsqlite3.tbd; path = usr/lib/libsqlite3.tbd; sourceTree = SDKROOT; };
		36379D361BC66A1300CA6C81 /* libc++.tbd */ = {isa = PBXFileReference; lastKnownFileType = "sourcecode.text-based-dylib-definition"; name = "libc++.tbd"; path = "usr/lib/libc++.tbd"; sourceTree = SDKROOT; };
		36383E6C1D1D140E00CB6DBD /* BCPreRefundTest.m */ = {isa = PBXFileReference; fileEncoding = 4; lastKnownFileType = sourcecode.c.objc; path = BCPreRefundTest.m; sourceTree = "<group>"; };
		3639726E1C7AB60300412108 /* PassKit.framework */ = {isa = PBXFileReference; lastKnownFileType = wrapper.framework; name = PassKit.framework; path = System/Library/Frameworks/PassKit.framework; sourceTree = SDKROOT; };
		363AE73D1D546C55007AEE2F /* SubscriptionViewController.h */ = {isa = PBXFileReference; fileEncoding = 4; lastKnownFileType = sourcecode.c.h; path = SubscriptionViewController.h; sourceTree = "<group>"; };
		363AE73E1D546C55007AEE2F /* SubscriptionViewController.m */ = {isa = PBXFileReference; fileEncoding = 4; lastKnownFileType = sourcecode.c.objc; path = SubscriptionViewController.m; sourceTree = "<group>"; };
		3658B0001BB2A0DA00183C28 /* PayChannelCell.h */ = {isa = PBXFileReference; fileEncoding = 4; lastKnownFileType = sourcecode.c.h; path = PayChannelCell.h; sourceTree = "<group>"; };
		3658B0011BB2A0DA00183C28 /* PayChannelCell.m */ = {isa = PBXFileReference; fileEncoding = 4; lastKnownFileType = sourcecode.c.objc; path = PayChannelCell.m; sourceTree = "<group>"; };
		366807BF1D5DA7180050C9BB /* NewSubscriptionViewController.h */ = {isa = PBXFileReference; fileEncoding = 4; lastKnownFileType = sourcecode.c.h; path = NewSubscriptionViewController.h; sourceTree = "<group>"; };
		366807C01D5DA7180050C9BB /* NewSubscriptionViewController.m */ = {isa = PBXFileReference; fileEncoding = 4; lastKnownFileType = sourcecode.c.objc; path = NewSubscriptionViewController.m; sourceTree = "<group>"; };
		367267D81BAA63BC007D7C64 /* ScanViewController.m */ = {isa = PBXFileReference; fileEncoding = 4; lastKnownFileType = sourcecode.c.objc; path = ScanViewController.m; sourceTree = "<group>"; };
		367267D91BAA63BC007D7C64 /* ScanViewController.h */ = {isa = PBXFileReference; fileEncoding = 4; lastKnownFileType = sourcecode.c.h; path = ScanViewController.h; sourceTree = "<group>"; };
		367267DA1BAA63BC007D7C64 /* pick_bg@2x.png */ = {isa = PBXFileReference; lastKnownFileType = image.png; path = "pick_bg@2x.png"; sourceTree = "<group>"; };
		367267DB1BAA63BC007D7C64 /* line@2x.png */ = {isa = PBXFileReference; lastKnownFileType = image.png; path = "line@2x.png"; sourceTree = "<group>"; };
		368EA8D51BB3922800F1F9D3 /* Security.framework */ = {isa = PBXFileReference; lastKnownFileType = wrapper.framework; name = Security.framework; path = System/Library/Frameworks/Security.framework; sourceTree = SDKROOT; };
		368EA8D71BB3923F00F1F9D3 /* AddressBook.framework */ = {isa = PBXFileReference; lastKnownFileType = wrapper.framework; name = AddressBook.framework; path = System/Library/Frameworks/AddressBook.framework; sourceTree = SDKROOT; };
		368EA8D81BB3923F00F1F9D3 /* AddressBookUI.framework */ = {isa = PBXFileReference; lastKnownFileType = wrapper.framework; name = AddressBookUI.framework; path = System/Library/Frameworks/AddressBookUI.framework; sourceTree = SDKROOT; };
		368EA8DB1BB3925C00F1F9D3 /* MobileCoreServices.framework */ = {isa = PBXFileReference; lastKnownFileType = wrapper.framework; name = MobileCoreServices.framework; path = System/Library/Frameworks/MobileCoreServices.framework; sourceTree = SDKROOT; };
		368EA8DD1BB3926D00F1F9D3 /* CFNetwork.framework */ = {isa = PBXFileReference; lastKnownFileType = wrapper.framework; name = CFNetwork.framework; path = System/Library/Frameworks/CFNetwork.framework; sourceTree = SDKROOT; };
		368EA8DF1BB3927700F1F9D3 /* ImageIO.framework */ = {isa = PBXFileReference; lastKnownFileType = wrapper.framework; name = ImageIO.framework; path = System/Library/Frameworks/ImageIO.framework; sourceTree = SDKROOT; };
		368EA8E11BB3929000F1F9D3 /* CoreGraphics.framework */ = {isa = PBXFileReference; lastKnownFileType = wrapper.framework; name = CoreGraphics.framework; path = System/Library/Frameworks/CoreGraphics.framework; sourceTree = SDKROOT; };
		368EA8E31BB392AF00F1F9D3 /* libz.1.2.5.tbd */ = {isa = PBXFileReference; lastKnownFileType = "sourcecode.text-based-dylib-definition"; name = libz.1.2.5.tbd; path = usr/lib/libz.1.2.5.tbd; sourceTree = SDKROOT; };
		3694624F1C03FE3B002A35D0 /* BeeCloudTest.m */ = {isa = PBXFileReference; fileEncoding = 4; lastKnownFileType = sourcecode.c.objc; path = BeeCloudTest.m; sourceTree = "<group>"; };
		369750211B68C659009FAEDB /* BCPay.app */ = {isa = PBXFileReference; explicitFileType = wrapper.application; includeInIndex = 0; path = BCPay.app; sourceTree = BUILT_PRODUCTS_DIR; };
		369750241B68C659009FAEDB /* Info.plist */ = {isa = PBXFileReference; lastKnownFileType = text.plist.xml; path = Info.plist; sourceTree = "<group>"; };
		369750251B68C659009FAEDB /* main.m */ = {isa = PBXFileReference; lastKnownFileType = sourcecode.c.objc; path = main.m; sourceTree = "<group>"; };
		369750271B68C659009FAEDB /* AppDelegate.h */ = {isa = PBXFileReference; lastKnownFileType = sourcecode.c.h; path = AppDelegate.h; sourceTree = "<group>"; };
		369750281B68C659009FAEDB /* AppDelegate.m */ = {isa = PBXFileReference; lastKnownFileType = sourcecode.c.objc; path = AppDelegate.m; sourceTree = "<group>"; };
		3697502A1B68C659009FAEDB /* ViewController.h */ = {isa = PBXFileReference; lastKnownFileType = sourcecode.c.h; path = ViewController.h; sourceTree = "<group>"; };
		3697502B1B68C659009FAEDB /* ViewController.m */ = {isa = PBXFileReference; lastKnownFileType = sourcecode.c.objc; path = ViewController.m; sourceTree = "<group>"; };
		3697502E1B68C659009FAEDB /* Base */ = {isa = PBXFileReference; lastKnownFileType = file.storyboard; name = Base; path = Base.lproj/Main.storyboard; sourceTree = "<group>"; };
		369750301B68C659009FAEDB /* Images.xcassets */ = {isa = PBXFileReference; lastKnownFileType = folder.assetcatalog; path = Images.xcassets; sourceTree = "<group>"; };
		369750331B68C659009FAEDB /* Base */ = {isa = PBXFileReference; lastKnownFileType = file.xib; name = Base; path = Base.lproj/LaunchScreen.xib; sourceTree = "<group>"; };
		369750471B68C6D5009FAEDB /* QueryResultViewController.m */ = {isa = PBXFileReference; fileEncoding = 4; lastKnownFileType = sourcecode.c.objc; path = QueryResultViewController.m; sourceTree = "<group>"; };
		369750481B68C6D5009FAEDB /* GuideViewController.m */ = {isa = PBXFileReference; fileEncoding = 4; lastKnownFileType = sourcecode.c.objc; path = GuideViewController.m; sourceTree = "<group>"; };
		369750491B68C6D5009FAEDB /* QueryResultViewController.h */ = {isa = PBXFileReference; fileEncoding = 4; lastKnownFileType = sourcecode.c.h; path = QueryResultViewController.h; sourceTree = "<group>"; };
		3697504A1B68C6D5009FAEDB /* GuideViewController.h */ = {isa = PBXFileReference; fileEncoding = 4; lastKnownFileType = sourcecode.c.h; path = GuideViewController.h; sourceTree = "<group>"; };
		369B3A171BA95CB300051CCE /* GenQrCode.h */ = {isa = PBXFileReference; fileEncoding = 4; lastKnownFileType = sourcecode.c.h; path = GenQrCode.h; sourceTree = "<group>"; };
		369B3A181BA95CB300051CCE /* GenQrCode.m */ = {isa = PBXFileReference; fileEncoding = 4; lastKnownFileType = sourcecode.c.objc; path = GenQrCode.m; sourceTree = "<group>"; };
		369B3A1A1BA9646200051CCE /* QRCodeViewController.h */ = {isa = PBXFileReference; fileEncoding = 4; lastKnownFileType = sourcecode.c.h; path = QRCodeViewController.h; sourceTree = "<group>"; };
		369B3A1B1BA9646200051CCE /* QRCodeViewController.m */ = {isa = PBXFileReference; fileEncoding = 4; lastKnownFileType = sourcecode.c.objc; path = QRCodeViewController.m; sourceTree = "<group>"; };
		36AF1A241BB158810007592E /* InfoPlist.strings */ = {isa = PBXFileReference; fileEncoding = 4; lastKnownFileType = text.plist.strings; name = InfoPlist.strings; path = ../InfoPlist.strings; sourceTree = "<group>"; };
		36AF1A261BB1590A0007592E /* zh-Hans */ = {isa = PBXFileReference; lastKnownFileType = text.plist.strings; name = "zh-Hans"; path = "zh-Hans.lproj/Main.strings"; sourceTree = "<group>"; };
		36AF1A271BB1590A0007592E /* zh-Hans */ = {isa = PBXFileReference; lastKnownFileType = text.plist.strings; name = "zh-Hans"; path = "zh-Hans.lproj/LaunchScreen.strings"; sourceTree = "<group>"; };
		36DCE4091B8F4A19004BB25E /* Accelerate.framework */ = {isa = PBXFileReference; lastKnownFileType = wrapper.framework; name = Accelerate.framework; path = System/Library/Frameworks/Accelerate.framework; sourceTree = SDKROOT; };
		36DCE40A1B8F4A19004BB25E /* AVFoundation.framework */ = {isa = PBXFileReference; lastKnownFileType = wrapper.framework; name = AVFoundation.framework; path = System/Library/Frameworks/AVFoundation.framework; sourceTree = SDKROOT; };
		36DCE40D1B8F4A5E004BB25E /* CoreMedia.framework */ = {isa = PBXFileReference; lastKnownFileType = wrapper.framework; name = CoreMedia.framework; path = System/Library/Frameworks/CoreMedia.framework; sourceTree = SDKROOT; };
		36DCE40E1B8F4A5E004BB25E /* CoreVideo.framework */ = {isa = PBXFileReference; lastKnownFileType = wrapper.framework; name = CoreVideo.framework; path = System/Library/Frameworks/CoreVideo.framework; sourceTree = SDKROOT; };
		36DCE4111B8F4A78004BB25E /* MessageUI.framework */ = {isa = PBXFileReference; lastKnownFileType = wrapper.framework; name = MessageUI.framework; path = System/Library/Frameworks/MessageUI.framework; sourceTree = SDKROOT; };
		36DCE4131B8F4A93004BB25E /* CoreLocation.framework */ = {isa = PBXFileReference; lastKnownFileType = wrapper.framework; name = CoreLocation.framework; path = System/Library/Frameworks/CoreLocation.framework; sourceTree = SDKROOT; };
		36DCE4151B8F4ACA004BB25E /* AudioToolbox.framework */ = {isa = PBXFileReference; lastKnownFileType = wrapper.framework; name = AudioToolbox.framework; path = System/Library/Frameworks/AudioToolbox.framework; sourceTree = SDKROOT; };
		36E556A11C2A4F3E00DACE7C /* BeeCloud.bundle */ = {isa = PBXFileReference; lastKnownFileType = "wrapper.plug-in"; path = BeeCloud.bundle; sourceTree = "<group>"; };
		36E556A31C2B8E1C00DACE7C /* BCPayCacheTest.m */ = {isa = PBXFileReference; fileEncoding = 4; lastKnownFileType = sourcecode.c.objc; path = BCPayCacheTest.m; sourceTree = "<group>"; };
		36E66DE21C0837AC00A6F62B /* BCPayReqTest.m */ = {isa = PBXFileReference; fileEncoding = 4; lastKnownFileType = sourcecode.c.objc; path = BCPayReqTest.m; sourceTree = "<group>"; };
		36E66DE41C08397300A6F62B /* BCQueryBillsReqTest.m */ = {isa = PBXFileReference; fileEncoding = 4; lastKnownFileType = sourcecode.c.objc; path = BCQueryBillsReqTest.m; sourceTree = "<group>"; };
		36E66DE61C083BC300A6F62B /* BCQueryRefundsReqTest.m */ = {isa = PBXFileReference; fileEncoding = 4; lastKnownFileType = sourcecode.c.objc; path = BCQueryRefundsReqTest.m; sourceTree = "<group>"; };
		36E66DE81C083C5800A6F62B /* BCRefundStatusReqTest.m */ = {isa = PBXFileReference; fileEncoding = 4; lastKnownFileType = sourcecode.c.objc; path = BCRefundStatusReqTest.m; sourceTree = "<group>"; };
		36E66DEA1C08431C00A6F62B /* BCQueryBillByIdReqTest.m */ = {isa = PBXFileReference; fileEncoding = 4; lastKnownFileType = sourcecode.c.objc; path = BCQueryBillByIdReqTest.m; sourceTree = "<group>"; };
		36E66DEC1C0849EC00A6F62B /* BCQueryRefundByIdReqTest.m */ = {isa = PBXFileReference; fileEncoding = 4; lastKnownFileType = sourcecode.c.objc; path = BCQueryRefundByIdReqTest.m; sourceTree = "<group>"; };
		36E66DEF1C08508300A6F62B /* BCQueryBillsCountReqTest.m */ = {isa = PBXFileReference; fileEncoding = 4; lastKnownFileType = sourcecode.c.objc; path = BCQueryBillsCountReqTest.m; sourceTree = "<group>"; };
		36E66DF11C0852CA00A6F62B /* BCQueryRefundsCountReqTest.m */ = {isa = PBXFileReference; fileEncoding = 4; lastKnownFileType = sourcecode.c.objc; path = BCQueryRefundsCountReqTest.m; sourceTree = "<group>"; };
		36FAD4FA1D2FA5F000955FC0 /* CoreMotion.framework */ = {isa = PBXFileReference; lastKnownFileType = wrapper.framework; name = CoreMotion.framework; path = System/Library/Frameworks/CoreMotion.framework; sourceTree = SDKROOT; };
		7C43BF851BEDE22B0039B4E4 /* BCPayTest.xctest */ = {isa = PBXFileReference; explicitFileType = wrapper.cfbundle; includeInIndex = 0; path = BCPayTest.xctest; sourceTree = BUILT_PRODUCTS_DIR; };
		7C43BF891BEDE22B0039B4E4 /* Info.plist */ = {isa = PBXFileReference; lastKnownFileType = text.plist.xml; path = Info.plist; sourceTree = "<group>"; };
		7C43BF8F1BEDE26F0039B4E4 /* BCPayUtilTest.m */ = {isa = PBXFileReference; fileEncoding = 4; lastKnownFileType = sourcecode.c.objc; path = BCPayUtilTest.m; sourceTree = "<group>"; };
		7C43BF901BEDE26F0039B4E4 /* BCTestHeader.h */ = {isa = PBXFileReference; fileEncoding = 4; lastKnownFileType = sourcecode.c.h; path = BCTestHeader.h; sourceTree = "<group>"; };
		7C43BF911BEDE26F0039B4E4 /* BeeCloudUtilsTest.m */ = {isa = PBXFileReference; fileEncoding = 4; lastKnownFileType = sourcecode.c.objc; path = BeeCloudUtilsTest.m; sourceTree = "<group>"; };
		7C43BF991BEDE8D00039B4E4 /* NSStringIsValidTest.m */ = {isa = PBXFileReference; fileEncoding = 4; lastKnownFileType = sourcecode.c.objc; path = NSStringIsValidTest.m; sourceTree = "<group>"; };
		7C43BF9B1BEDED200039B4E4 /* NSDictionaryUtilsTest.m */ = {isa = PBXFileReference; fileEncoding = 4; lastKnownFileType = sourcecode.c.objc; path = NSDictionaryUtilsTest.m; sourceTree = "<group>"; };
/* End PBXFileReference section */

/* Begin PBXFrameworksBuildPhase section */
		3697501E1B68C659009FAEDB /* Frameworks */ = {
			isa = PBXFrameworksBuildPhase;
			buildActionMask = 2147483647;
			files = (
				360A44A01D61C06400668FF5 /* libsqlite3.tbd in Frameworks */,
				36FAD4FB1D2FA5F000955FC0 /* CoreMotion.framework in Frameworks */,
				361778F51CB666D800C4CCB0 /* CoreTelephony.framework in Frameworks */,
				363B89391C97A79500DD2AB1 /* PassKit.framework in Frameworks */,
				36379D371BC66A1300CA6C81 /* libc++.tbd in Frameworks */,
				368EA8E41BB392AF00F1F9D3 /* libz.1.2.5.tbd in Frameworks */,
				3627980D1FE3BF6100C4B406 /* libWeChatSDK.a in Frameworks */,
				368EA8E21BB3929000F1F9D3 /* CoreGraphics.framework in Frameworks */,
				3627980F1FE3BF6100C4B406 /* libPaymentControl.a in Frameworks */,
				368EA8E01BB3927700F1F9D3 /* ImageIO.framework in Frameworks */,
				368EA8DE1BB3926D00F1F9D3 /* CFNetwork.framework in Frameworks */,
				368EA8DC1BB3925C00F1F9D3 /* MobileCoreServices.framework in Frameworks */,
				36DCE4121B8F4A78004BB25E /* MessageUI.framework in Frameworks */,
				368EA8D91BB3923F00F1F9D3 /* AddressBook.framework in Frameworks */,
				368EA8DA1BB3923F00F1F9D3 /* AddressBookUI.framework in Frameworks */,
				368EA8D61BB3922800F1F9D3 /* Security.framework in Frameworks */,
				3627980A1FE3BF6100C4B406 /* libUPAPayPlugin.a in Frameworks */,
				362798021FE3BF6100C4B406 /* AlipaySDK.framework in Frameworks */,
				36DCE4161B8F4ACA004BB25E /* AudioToolbox.framework in Frameworks */,
				36DCE4141B8F4A93004BB25E /* CoreLocation.framework in Frameworks */,
				36DCE40F1B8F4A5E004BB25E /* CoreMedia.framework in Frameworks */,
				36DCE4101B8F4A5E004BB25E /* CoreVideo.framework in Frameworks */,
				36DCE40B1B8F4A19004BB25E /* Accelerate.framework in Frameworks */,
				36DCE40C1B8F4A19004BB25E /* AVFoundation.framework in Frameworks */,
			);
			runOnlyForDeploymentPostprocessing = 0;
		};
		7C43BF821BEDE22B0039B4E4 /* Frameworks */ = {
			isa = PBXFrameworksBuildPhase;
			buildActionMask = 2147483647;
			files = (
			);
			runOnlyForDeploymentPostprocessing = 0;
		};
/* End PBXFrameworksBuildPhase section */

/* Begin PBXGroup section */
		360A449F1D61B39300668FF5 /* Subscription */ = {
			isa = PBXGroup;
			children = (
				363AE73D1D546C55007AEE2F /* SubscriptionViewController.h */,
				363AE73E1D546C55007AEE2F /* SubscriptionViewController.m */,
				360A449C1D61A5B800668FF5 /* SubscriptionListViewController.h */,
				360A449D1D61A5B800668FF5 /* SubscriptionListViewController.m */,
				366807BF1D5DA7180050C9BB /* NewSubscriptionViewController.h */,
				366807C01D5DA7180050C9BB /* NewSubscriptionViewController.m */,
			);
			name = Subscription;
			sourceTree = "<group>";
		};
		362797371FE3BF6100C4B406 /* BCPaySDK */ = {
			isa = PBXGroup;
			children = (
				362797381FE3BF6100C4B406 /* BeeCloud */,
				362797A81FE3BF6100C4B406 /* Channel */,
			);
			path = BCPaySDK;
			sourceTree = "<group>";
		};
		362797381FE3BF6100C4B406 /* BeeCloud */ = {
			isa = PBXGroup;
			children = (
				362797391FE3BF6100C4B406 /* Classes */,
				3627977D1FE3BF6100C4B406 /* BeeCloud.m */,
				3627977E1FE3BF6100C4B406 /* Internal */,
				3627979B1FE3BF6100C4B406 /* Protocol */,
				3627979F1FE3BF6100C4B406 /* SandBox */,
				362797A61FE3BF6100C4B406 /* BCPayObjects.h */,
				362797A71FE3BF6100C4B406 /* BeeCloud.h */,
			);
			path = BeeCloud;
			sourceTree = "<group>";
		};
		362797391FE3BF6100C4B406 /* Classes */ = {
			isa = PBXGroup;
			children = (
				3627973A1FE3BF6100C4B406 /* BCPay */,
				3627973F1FE3BF6100C4B406 /* BCSubscription */,
				362797461FE3BF6100C4B406 /* BCPreRefund */,
				3627974B1FE3BF6100C4B406 /* BCQueryBillById */,
				362797501FE3BF6100C4B406 /* BCQueryRefundStatus */,
				362797551FE3BF6100C4B406 /* BCBase */,
				3627975A1FE3BF6100C4B406 /* BCQueryRefunds */,
				3627975F1FE3BF6100C4B406 /* BCQueryRefundById */,
				362797641FE3BF6100C4B406 /* BCQueryBillsCount */,
				362797691FE3BF6100C4B406 /* BCResults */,
				362797701FE3BF6100C4B406 /* BCQueryBills */,
				362797751FE3BF6100C4B406 /* BCQueryRefundsCount */,
				3627977A1FE3BF6100C4B406 /* BCAuth */,
			);
			path = Classes;
			sourceTree = "<group>";
		};
		3627973A1FE3BF6100C4B406 /* BCPay */ = {
			isa = PBXGroup;
			children = (
				3627973B1FE3BF6100C4B406 /* BCPayResp.h */,
				3627973C1FE3BF6100C4B406 /* BCPayReq.m */,
				3627973D1FE3BF6100C4B406 /* BCPayResp.m */,
				3627973E1FE3BF6100C4B406 /* BCPayReq.h */,
			);
			path = BCPay;
			sourceTree = "<group>";
		};
		3627973F1FE3BF6100C4B406 /* BCSubscription */ = {
			isa = PBXGroup;
			children = (
				362797401FE3BF6100C4B406 /* BCSubscription.h */,
				362797411FE3BF6100C4B406 /* BCSubscriptionQuery.m */,
				362797421FE3BF6100C4B406 /* BCNewSubscription.h */,
				362797431FE3BF6100C4B406 /* BCSubscription.m */,
				362797441FE3BF6100C4B406 /* BCSubscriptionQuery.h */,
				362797451FE3BF6100C4B406 /* BCNewSubscription.m */,
			);
			path = BCSubscription;
			sourceTree = "<group>";
		};
		362797461FE3BF6100C4B406 /* BCPreRefund */ = {
			isa = PBXGroup;
			children = (
				362797471FE3BF6100C4B406 /* BCPreRefundResp.h */,
				362797481FE3BF6100C4B406 /* BCPreRefundReq.h */,
				362797491FE3BF6100C4B406 /* BCPreRefundReq.m */,
				3627974A1FE3BF6100C4B406 /* BCPreRefundResp.m */,
			);
			path = BCPreRefund;
			sourceTree = "<group>";
		};
		3627974B1FE3BF6100C4B406 /* BCQueryBillById */ = {
			isa = PBXGroup;
			children = (
				3627974C1FE3BF6100C4B406 /* BCQueryBillByIdResp.m */,
				3627974D1FE3BF6100C4B406 /* BCQueryBillByIdReq.h */,
				3627974E1FE3BF6100C4B406 /* BCQueryBillByIdResp.h */,
				3627974F1FE3BF6100C4B406 /* BCQueryBillByIdReq.m */,
			);
			path = BCQueryBillById;
			sourceTree = "<group>";
		};
		362797501FE3BF6100C4B406 /* BCQueryRefundStatus */ = {
			isa = PBXGroup;
			children = (
				362797511FE3BF6100C4B406 /* BCRefundStatusReq.h */,
				362797521FE3BF6100C4B406 /* BCRefundStatusResp.h */,
				362797531FE3BF6100C4B406 /* BCRefundStatusReq.m */,
				362797541FE3BF6100C4B406 /* BCRefundStatusResp.m */,
			);
			path = BCQueryRefundStatus;
			sourceTree = "<group>";
		};
		362797551FE3BF6100C4B406 /* BCBase */ = {
			isa = PBXGroup;
			children = (
				362797561FE3BF6100C4B406 /* BCBaseReq.h */,
				362797571FE3BF6100C4B406 /* BCBaseResp.h */,
				362797581FE3BF6100C4B406 /* BCBaseReq.m */,
				362797591FE3BF6100C4B406 /* BCBaseResp.m */,
			);
			path = BCBase;
			sourceTree = "<group>";
		};
		3627975A1FE3BF6100C4B406 /* BCQueryRefunds */ = {
			isa = PBXGroup;
			children = (
				3627975B1FE3BF6100C4B406 /* BCQueryRefundsResp.m */,
				3627975C1FE3BF6100C4B406 /* BCQueryRefundsReq.m */,
				3627975D1FE3BF6100C4B406 /* BCQueryRefundsResp.h */,
				3627975E1FE3BF6100C4B406 /* BCQueryRefundsReq.h */,
			);
			path = BCQueryRefunds;
			sourceTree = "<group>";
		};
		3627975F1FE3BF6100C4B406 /* BCQueryRefundById */ = {
			isa = PBXGroup;
			children = (
				362797601FE3BF6100C4B406 /* BCQueryRefundByIdReq.m */,
				362797611FE3BF6100C4B406 /* BCQueryRefundByIdResp.m */,
				362797621FE3BF6100C4B406 /* BCQueryRefundByIdResp.h */,
				362797631FE3BF6100C4B406 /* BCQueryRefundByIdReq.h */,
			);
			path = BCQueryRefundById;
			sourceTree = "<group>";
		};
		362797641FE3BF6100C4B406 /* BCQueryBillsCount */ = {
			isa = PBXGroup;
			children = (
				362797651FE3BF6100C4B406 /* BCQueryBillsCountResp.m */,
				362797661FE3BF6100C4B406 /* BCQueryBillsCountReq.m */,
				362797671FE3BF6100C4B406 /* BCQueryBillsCountResp.h */,
				362797681FE3BF6100C4B406 /* BCQueryBillsCountReq.h */,
			);
			path = BCQueryBillsCount;
			sourceTree = "<group>";
		};
		362797691FE3BF6100C4B406 /* BCResults */ = {
			isa = PBXGroup;
			children = (
				3627976A1FE3BF6100C4B406 /* BCQueryBillResult.m */,
				3627976B1FE3BF6100C4B406 /* BCBaseResult.h */,
				3627976C1FE3BF6100C4B406 /* BCQueryRefundResult.h */,
				3627976D1FE3BF6100C4B406 /* BCQueryBillResult.h */,
				3627976E1FE3BF6100C4B406 /* BCBaseResult.m */,
				3627976F1FE3BF6100C4B406 /* BCQueryRefundResult.m */,
			);
			path = BCResults;
			sourceTree = "<group>";
		};
		362797701FE3BF6100C4B406 /* BCQueryBills */ = {
			isa = PBXGroup;
			children = (
				362797711FE3BF6100C4B406 /* BCQueryBillsResp.h */,
				362797721FE3BF6100C4B406 /* BCQueryBillsReq.m */,
				362797731FE3BF6100C4B406 /* BCQueryBillsReq.h */,
				362797741FE3BF6100C4B406 /* BCQueryBillsResp.m */,
			);
			path = BCQueryBills;
			sourceTree = "<group>";
		};
		362797751FE3BF6100C4B406 /* BCQueryRefundsCount */ = {
			isa = PBXGroup;
			children = (
				362797761FE3BF6100C4B406 /* BCQueryRefundsCountReq.h */,
				362797771FE3BF6100C4B406 /* BCQueryRefundsCountResp.h */,
				362797781FE3BF6100C4B406 /* BCQueryRefundsCountReq.m */,
				362797791FE3BF6100C4B406 /* BCQueryRefundsCountResp.m */,
			);
			path = BCQueryRefundsCount;
			sourceTree = "<group>";
		};
		3627977A1FE3BF6100C4B406 /* BCAuth */ = {
			isa = PBXGroup;
			children = (
				3627977B1FE3BF6100C4B406 /* BCAuthReq.h */,
				3627977C1FE3BF6100C4B406 /* BCAuthReq.m */,
			);
			path = BCAuth;
			sourceTree = "<group>";
		};
		3627977E1FE3BF6100C4B406 /* Internal */ = {
			isa = PBXGroup;
			children = (
				3627977F1FE3BF6100C4B406 /* NSDictionary+Utils.h */,
				362797801FE3BF6100C4B406 /* NSString+IsValid.m */,
				362797811FE3BF6100C4B406 /* BCPayUtil.m */,
				362797821FE3BF6100C4B406 /* BCPayConstant.h */,
				362797831FE3BF6100C4B406 /* BCNetworkHelper.h */,
				362797841FE3BF6100C4B406 /* BCCategory.h */,
				362797851FE3BF6100C4B406 /* BeeCloud+Utils.m */,
				362797861FE3BF6100C4B406 /* BCPayCache.m */,
				362797871FE3BF6100C4B406 /* NSString+IsValid.h */,
				362797881FE3BF6100C4B406 /* NSDictionary+Utils.m */,
				362797891FE3BF6100C4B406 /* BCPayUtil.h */,
				3627978A1FE3BF6100C4B406 /* BCNetworking */,
				362797981FE3BF6100C4B406 /* BeeCloud+Utils.h */,
				362797991FE3BF6100C4B406 /* BCNetworkHelper.m */,
				3627979A1FE3BF6100C4B406 /* BCPayCache.h */,
			);
			path = Internal;
			sourceTree = "<group>";
		};
		3627978A1FE3BF6100C4B406 /* BCNetworking */ = {
			isa = PBXGroup;
			children = (
				3627978B1FE3BF6100C4B406 /* BCSecurityPolicy.h */,
				3627978C1FE3BF6100C4B406 /* BCNetworkReachabilityManager.h */,
				3627978D1FE3BF6100C4B406 /* BCHTTPSessionManager.h */,
				3627978E1FE3BF6100C4B406 /* BCURLSessionManager.h */,
				3627978F1FE3BF6100C4B406 /* BCURLResponseSerialization.h */,
				362797901FE3BF6100C4B406 /* BCURLRequestSerialization.m */,
				362797911FE3BF6100C4B406 /* BCNetworking.h */,
				362797921FE3BF6100C4B406 /* BCHTTPSessionManager.m */,
				362797931FE3BF6100C4B406 /* BCNetworkReachabilityManager.m */,
				362797941FE3BF6100C4B406 /* BCSecurityPolicy.m */,
				362797951FE3BF6100C4B406 /* BCURLRequestSerialization.h */,
				362797961FE3BF6100C4B406 /* BCURLResponseSerialization.m */,
				362797971FE3BF6100C4B406 /* BCURLSessionManager.m */,
			);
			path = BCNetworking;
			sourceTree = "<group>";
		};
		3627979B1FE3BF6100C4B406 /* Protocol */ = {
			isa = PBXGroup;
			children = (
				3627979C1FE3BF6100C4B406 /* BeeCloudAdapter.h */,
				3627979D1FE3BF6100C4B406 /* BeeCloudAdapter.m */,
				3627979E1FE3BF6100C4B406 /* BeeCloudAdapterProtocol.h */,
			);
			path = Protocol;
			sourceTree = "<group>";
		};
		3627979F1FE3BF6100C4B406 /* SandBox */ = {
			isa = PBXGroup;
			children = (
				362797A01FE3BF6100C4B406 /* BCSandBoxAdapter */,
				362797A31FE3BF6100C4B406 /* PaySandBoxViewController.h */,
				362797A41FE3BF6100C4B406 /* BeeCloud.bundle */,
				362797A51FE3BF6100C4B406 /* PaySandBoxViewController.m */,
			);
			path = SandBox;
			sourceTree = "<group>";
		};
		362797A01FE3BF6100C4B406 /* BCSandBoxAdapter */ = {
			isa = PBXGroup;
			children = (
				362797A11FE3BF6100C4B406 /* BCSandBoxAdapter.h */,
				362797A21FE3BF6100C4B406 /* BCSandBoxAdapter.m */,
			);
			path = BCSandBoxAdapter;
			sourceTree = "<group>";
		};
		362797A81FE3BF6100C4B406 /* Channel */ = {
			isa = PBXGroup;
			children = (
				362797A91FE3BF6100C4B406 /* AliPay */,
				362797AE1FE3BF6100C4B406 /* OfflinePay */,
				362797C11FE3BF6100C4B406 /* ApplePay */,
				362797C81FE3BF6100C4B406 /* WXPay */,
				362797CF1FE3BF6100C4B406 /* UnionPay */,
			);
			path = Channel;
			sourceTree = "<group>";
		};
		362797A91FE3BF6100C4B406 /* AliPay */ = {
			isa = PBXGroup;
			children = (
				362797AA1FE3BF6100C4B406 /* AliPayAdapter */,
				362797AD1FE3BF6100C4B406 /* AlipaySDK.framework */,
			);
			path = AliPay;
			sourceTree = "<group>";
		};
		362797AA1FE3BF6100C4B406 /* AliPayAdapter */ = {
			isa = PBXGroup;
			children = (
				362797AB1FE3BF6100C4B406 /* AliPayAdapter.h */,
				362797AC1FE3BF6100C4B406 /* AliPayAdapter.m */,
			);
			path = AliPayAdapter;
			sourceTree = "<group>";
		};
		362797AE1FE3BF6100C4B406 /* OfflinePay */ = {
			isa = PBXGroup;
			children = (
				362797AF1FE3BF6100C4B406 /* Response */,
				362797B61FE3BF6100C4B406 /* OfflineAdapter */,
				362797B91FE3BF6100C4B406 /* Request */,
				362797C01FE3BF6100C4B406 /* BCOffinePay.h */,
			);
			path = OfflinePay;
			sourceTree = "<group>";
		};
		362797AF1FE3BF6100C4B406 /* Response */ = {
			isa = PBXGroup;
			children = (
				362797B01FE3BF6100C4B406 /* BCOfflineStatusResp.m */,
				362797B11FE3BF6100C4B406 /* BCOfflineRevertResp.h */,
				362797B21FE3BF6100C4B406 /* BCOfflinePayResp.m */,
				362797B31FE3BF6100C4B406 /* BCOfflineStatusResp.h */,
				362797B41FE3BF6100C4B406 /* BCOfflineRevertResp.m */,
				362797B51FE3BF6100C4B406 /* BCOfflinePayResp.h */,
			);
			path = Response;
			sourceTree = "<group>";
		};
		362797B61FE3BF6100C4B406 /* OfflineAdapter */ = {
			isa = PBXGroup;
			children = (
				362797B71FE3BF6100C4B406 /* OfflineAdapter.h */,
				362797B81FE3BF6100C4B406 /* OfflineAdapter.m */,
			);
			path = OfflineAdapter;
			sourceTree = "<group>";
		};
		362797B91FE3BF6100C4B406 /* Request */ = {
			isa = PBXGroup;
			children = (
				362797BA1FE3BF6100C4B406 /* BCOfflinePayReq.m */,
				362797BB1FE3BF6100C4B406 /* BCOfflineRevertReq.m */,
				362797BC1FE3BF6100C4B406 /* BCOfflineStatusReq.m */,
				362797BD1FE3BF6100C4B406 /* BCOfflinePayReq.h */,
				362797BE1FE3BF6100C4B406 /* BCOfflineRevertReq.h */,
				362797BF1FE3BF6100C4B406 /* BCOfflineStatusReq.h */,
			);
			path = Request;
			sourceTree = "<group>";
		};
		362797C11FE3BF6100C4B406 /* ApplePay */ = {
			isa = PBXGroup;
			children = (
				362797C21FE3BF6100C4B406 /* libUPAPayPlugin.a */,
				362797C31FE3BF6100C4B406 /* ApplePayAdapter */,
				362797C61FE3BF6100C4B406 /* UPAPayPlugin.h */,
				362797C71FE3BF6100C4B406 /* UPAPayPluginDelegate.h */,
			);
			path = ApplePay;
			sourceTree = "<group>";
		};
		362797C31FE3BF6100C4B406 /* ApplePayAdapter */ = {
			isa = PBXGroup;
			children = (
				362797C41FE3BF6100C4B406 /* ApplePayAdapter.mm */,
				362797C51FE3BF6100C4B406 /* ApplePayAdapter.h */,
			);
			path = ApplePayAdapter;
			sourceTree = "<group>";
		};
		362797C81FE3BF6100C4B406 /* WXPay */ = {
			isa = PBXGroup;
			children = (
				362797C91FE3BF6100C4B406 /* WXApi.h */,
				362797CA1FE3BF6100C4B406 /* WXApiObject.h */,
				362797CB1FE3BF6100C4B406 /* WXPayAdapter */,
				362797CE1FE3BF6100C4B406 /* libWeChatSDK.a */,
			);
			path = WXPay;
			sourceTree = "<group>";
		};
		362797CB1FE3BF6100C4B406 /* WXPayAdapter */ = {
			isa = PBXGroup;
			children = (
				362797CC1FE3BF6100C4B406 /* WXPayAdapter.h */,
				362797CD1FE3BF6100C4B406 /* WXPayAdapter.m */,
			);
			path = WXPayAdapter;
			sourceTree = "<group>";
		};
		362797CF1FE3BF6100C4B406 /* UnionPay */ = {
			isa = PBXGroup;
			children = (
				362797D01FE3BF6100C4B406 /* UPPaymentControl.h */,
				362797D11FE3BF6100C4B406 /* UnionPayAdapter */,
				362797D41FE3BF6100C4B406 /* libPaymentControl.a */,
			);
			path = UnionPay;
			sourceTree = "<group>";
		};
		362797D11FE3BF6100C4B406 /* UnionPayAdapter */ = {
			isa = PBXGroup;
			children = (
				362797D21FE3BF6100C4B406 /* UnionPayAdapter.m */,
				362797D31FE3BF6100C4B406 /* UnionPayAdapter.h */,
			);
			path = UnionPayAdapter;
			sourceTree = "<group>";
		};
		362FC8DF1BF5DE5F007450FF /* TestCategory */ = {
			isa = PBXGroup;
			children = (
				362FC8E01BF5DE5F007450FF /* XCTestCase+AsyncTesting.h */,
				362FC8E11BF5DE5F007450FF /* XCTestCase+AsyncTesting.m */,
			);
			path = TestCategory;
			sourceTree = "<group>";
		};
		364BC5A01B5E32FD00EAFCCE = {
			isa = PBXGroup;
			children = (
				362797371FE3BF6100C4B406 /* BCPaySDK */,
				369750221B68C659009FAEDB /* BCPayExample */,
				7C43BF861BEDE22B0039B4E4 /* BCPayTest */,
				364BC6E81B5F2AE700EAFCCE /* Frameworks */,
				364BC5AA1B5E32FD00EAFCCE /* Products */,
			);
			sourceTree = "<group>";
		};
		364BC5AA1B5E32FD00EAFCCE /* Products */ = {
			isa = PBXGroup;
			children = (
				369750211B68C659009FAEDB /* BCPay.app */,
				7C43BF851BEDE22B0039B4E4 /* BCPayTest.xctest */,
			);
			name = Products;
			sourceTree = "<group>";
		};
		364BC6E81B5F2AE700EAFCCE /* Frameworks */ = {
			isa = PBXGroup;
			children = (
				36FAD4FA1D2FA5F000955FC0 /* CoreMotion.framework */,
				361778F41CB666D800C4CCB0 /* CoreTelephony.framework */,
				3639726E1C7AB60300412108 /* PassKit.framework */,
				36379D361BC66A1300CA6C81 /* libc++.tbd */,
				36379D341BC66A0700CA6C81 /* libsqlite3.tbd */,
				368EA8E31BB392AF00F1F9D3 /* libz.1.2.5.tbd */,
				368EA8E11BB3929000F1F9D3 /* CoreGraphics.framework */,
				368EA8DF1BB3927700F1F9D3 /* ImageIO.framework */,
				368EA8DD1BB3926D00F1F9D3 /* CFNetwork.framework */,
				368EA8DB1BB3925C00F1F9D3 /* MobileCoreServices.framework */,
				368EA8D71BB3923F00F1F9D3 /* AddressBook.framework */,
				368EA8D81BB3923F00F1F9D3 /* AddressBookUI.framework */,
				368EA8D51BB3922800F1F9D3 /* Security.framework */,
				36DCE4151B8F4ACA004BB25E /* AudioToolbox.framework */,
				36DCE4131B8F4A93004BB25E /* CoreLocation.framework */,
				36DCE4111B8F4A78004BB25E /* MessageUI.framework */,
				36DCE40D1B8F4A5E004BB25E /* CoreMedia.framework */,
				36DCE40E1B8F4A5E004BB25E /* CoreVideo.framework */,
				36DCE4091B8F4A19004BB25E /* Accelerate.framework */,
				36DCE40A1B8F4A19004BB25E /* AVFoundation.framework */,
			);
			name = Frameworks;
			sourceTree = "<group>";
		};
		369750221B68C659009FAEDB /* BCPayExample */ = {
			isa = PBXGroup;
			children = (
				360A449F1D61B39300668FF5 /* Subscription */,
				367267D81BAA63BC007D7C64 /* ScanViewController.m */,
				367267D91BAA63BC007D7C64 /* ScanViewController.h */,
				367267DA1BAA63BC007D7C64 /* pick_bg@2x.png */,
				367267DB1BAA63BC007D7C64 /* line@2x.png */,
				369750491B68C6D5009FAEDB /* QueryResultViewController.h */,
				369750471B68C6D5009FAEDB /* QueryResultViewController.m */,
				3697504A1B68C6D5009FAEDB /* GuideViewController.h */,
				369750481B68C6D5009FAEDB /* GuideViewController.m */,
				369750271B68C659009FAEDB /* AppDelegate.h */,
				369750281B68C659009FAEDB /* AppDelegate.m */,
				3697502A1B68C659009FAEDB /* ViewController.h */,
				3697502B1B68C659009FAEDB /* ViewController.m */,
				369B3A1A1BA9646200051CCE /* QRCodeViewController.h */,
				369B3A1B1BA9646200051CCE /* QRCodeViewController.m */,
				369B3A171BA95CB300051CCE /* GenQrCode.h */,
				369B3A181BA95CB300051CCE /* GenQrCode.m */,
				3697502D1B68C659009FAEDB /* Main.storyboard */,
				369750301B68C659009FAEDB /* Images.xcassets */,
				369750321B68C659009FAEDB /* LaunchScreen.xib */,
				369750231B68C659009FAEDB /* Supporting Files */,
				3658B0001BB2A0DA00183C28 /* PayChannelCell.h */,
				3658B0011BB2A0DA00183C28 /* PayChannelCell.m */,
			);
			path = BCPayExample;
			sourceTree = "<group>";
		};
		369750231B68C659009FAEDB /* Supporting Files */ = {
			isa = PBXGroup;
			children = (
				36E556A11C2A4F3E00DACE7C /* BeeCloud.bundle */,
				36AF1A241BB158810007592E /* InfoPlist.strings */,
				369750241B68C659009FAEDB /* Info.plist */,
				369750251B68C659009FAEDB /* main.m */,
			);
			name = "Supporting Files";
			sourceTree = "<group>";
		};
		7C43BF861BEDE22B0039B4E4 /* BCPayTest */ = {
			isa = PBXGroup;
			children = (
				36E556A31C2B8E1C00DACE7C /* BCPayCacheTest.m */,
				36E66DE21C0837AC00A6F62B /* BCPayReqTest.m */,
				7C43BF8F1BEDE26F0039B4E4 /* BCPayUtilTest.m */,
				36383E6C1D1D140E00CB6DBD /* BCPreRefundTest.m */,
				36E66DEA1C08431C00A6F62B /* BCQueryBillByIdReqTest.m */,
				36E66DEF1C08508300A6F62B /* BCQueryBillsCountReqTest.m */,
				36E66DE41C08397300A6F62B /* BCQueryBillsReqTest.m */,
				36E66DEC1C0849EC00A6F62B /* BCQueryRefundByIdReqTest.m */,
				36E66DF11C0852CA00A6F62B /* BCQueryRefundsCountReqTest.m */,
				36E66DE61C083BC300A6F62B /* BCQueryRefundsReqTest.m */,
				36E66DE81C083C5800A6F62B /* BCRefundStatusReqTest.m */,
				3694624F1C03FE3B002A35D0 /* BeeCloudTest.m */,
				7C43BF911BEDE26F0039B4E4 /* BeeCloudUtilsTest.m */,
				7C43BF9B1BEDED200039B4E4 /* NSDictionaryUtilsTest.m */,
				7C43BF991BEDE8D00039B4E4 /* NSStringIsValidTest.m */,
				7C43BF971BEDE52E0039B4E4 /* XCTestCase */,
			);
			path = BCPayTest;
			sourceTree = "<group>";
		};
		7C43BF971BEDE52E0039B4E4 /* XCTestCase */ = {
			isa = PBXGroup;
			children = (
				362FC8DF1BF5DE5F007450FF /* TestCategory */,
				7C43BF891BEDE22B0039B4E4 /* Info.plist */,
				7C43BF901BEDE26F0039B4E4 /* BCTestHeader.h */,
			);
			name = XCTestCase;
			sourceTree = "<group>";
		};
/* End PBXGroup section */

/* Begin PBXNativeTarget section */
		369750201B68C659009FAEDB /* BCPayExample */ = {
			isa = PBXNativeTarget;
			buildConfigurationList = 369750411B68C659009FAEDB /* Build configuration list for PBXNativeTarget "BCPayExample" */;
			buildPhases = (
				3697501D1B68C659009FAEDB /* Sources */,
				3697501E1B68C659009FAEDB /* Frameworks */,
				3697501F1B68C659009FAEDB /* Resources */,
			);
			buildRules = (
			);
			dependencies = (
			);
			name = BCPayExample;
			productName = BCPayExample;
			productReference = 369750211B68C659009FAEDB /* BCPay.app */;
			productType = "com.apple.product-type.application";
		};
		7C43BF841BEDE22B0039B4E4 /* BCPayTest */ = {
			isa = PBXNativeTarget;
			buildConfigurationList = 7C43BF8C1BEDE22B0039B4E4 /* Build configuration list for PBXNativeTarget "BCPayTest" */;
			buildPhases = (
				7C43BF811BEDE22B0039B4E4 /* Sources */,
				7C43BF821BEDE22B0039B4E4 /* Frameworks */,
				7C43BF831BEDE22B0039B4E4 /* Resources */,
			);
			buildRules = (
			);
			dependencies = (
				7C43BF8B1BEDE22B0039B4E4 /* PBXTargetDependency */,
			);
			name = BCPayTest;
			productName = BCPayTest;
			productReference = 7C43BF851BEDE22B0039B4E4 /* BCPayTest.xctest */;
			productType = "com.apple.product-type.bundle.unit-test";
		};
/* End PBXNativeTarget section */

/* Begin PBXProject section */
		364BC5A11B5E32FD00EAFCCE /* Project object */ = {
			isa = PBXProject;
			attributes = {
				LastUpgradeCheck = 0820;
				ORGANIZATIONNAME = BeeCloud;
				TargetAttributes = {
					369750201B68C659009FAEDB = {
						CreatedOnToolsVersion = 6.4;
						DevelopmentTeam = WZ3C6S544H;
						SystemCapabilities = {
							com.apple.InAppPurchase = {
								enabled = 0;
							};
							com.apple.Maps.iOS = {
								enabled = 0;
							};
							com.apple.OMC = {
								enabled = 0;
							};
							com.apple.Wallet = {
								enabled = 0;
							};
						};
					};
					7C43BF841BEDE22B0039B4E4 = {
						CreatedOnToolsVersion = 7.1;
						TestTargetID = 369750201B68C659009FAEDB;
					};
				};
			};
			buildConfigurationList = 364BC5A41B5E32FD00EAFCCE /* Build configuration list for PBXProject "BCPay" */;
			compatibilityVersion = "Xcode 3.2";
			developmentRegion = English;
			hasScannedForEncodings = 0;
			knownRegions = (
				en,
				Base,
			);
			mainGroup = 364BC5A01B5E32FD00EAFCCE;
			productRefGroup = 364BC5AA1B5E32FD00EAFCCE /* Products */;
			projectDirPath = "";
			projectRoot = "";
			targets = (
				369750201B68C659009FAEDB /* BCPayExample */,
				7C43BF841BEDE22B0039B4E4 /* BCPayTest */,
			);
		};
/* End PBXProject section */

/* Begin PBXResourcesBuildPhase section */
		3697501F1B68C659009FAEDB /* Resources */ = {
			isa = PBXResourcesBuildPhase;
			buildActionMask = 2147483647;
			files = (
				3697502F1B68C659009FAEDB /* Main.storyboard in Resources */,
				36AF1A251BB158810007592E /* InfoPlist.strings in Resources */,
				367267DE1BAA63BC007D7C64 /* line@2x.png in Resources */,
				369750341B68C659009FAEDB /* LaunchScreen.xib in Resources */,
				362797FF1FE3BF6100C4B406 /* BeeCloud.bundle in Resources */,
				367267DD1BAA63BC007D7C64 /* pick_bg@2x.png in Resources */,
				369750311B68C659009FAEDB /* Images.xcassets in Resources */,
			);
			runOnlyForDeploymentPostprocessing = 0;
		};
		7C43BF831BEDE22B0039B4E4 /* Resources */ = {
			isa = PBXResourcesBuildPhase;
			buildActionMask = 2147483647;
			files = (
			);
			runOnlyForDeploymentPostprocessing = 0;
		};
/* End PBXResourcesBuildPhase section */

/* Begin PBXSourcesBuildPhase section */
		3697501D1B68C659009FAEDB /* Sources */ = {
			isa = PBXSourcesBuildPhase;
			buildActionMask = 2147483647;
			files = (
				362798091FE3BF6100C4B406 /* BCOfflineStatusReq.m in Sources */,
				362797E61FE3BF6100C4B406 /* BCQueryBillsCountResp.m in Sources */,
				3697502C1B68C659009FAEDB /* ViewController.m in Sources */,
				362797E31FE3BF6100C4B406 /* BCQueryRefundsReq.m in Sources */,
				362798061FE3BF6100C4B406 /* OfflineAdapter.m in Sources */,
				362797DF1FE3BF6100C4B406 /* BCRefundStatusResp.m in Sources */,
				3627980E1FE3BF6100C4B406 /* UnionPayAdapter.m in Sources */,
				362797FD1FE3BF6100C4B406 /* BeeCloudAdapter.m in Sources */,
				362797F81FE3BF6100C4B406 /* BCNetworkReachabilityManager.m in Sources */,
				369750291B68C659009FAEDB /* AppDelegate.m in Sources */,
				362797E41FE3BF6100C4B406 /* BCQueryRefundByIdReq.m in Sources */,
				362798051FE3BF6100C4B406 /* BCOfflineRevertResp.m in Sources */,
				362797E11FE3BF6100C4B406 /* BCBaseResp.m in Sources */,
				362798001FE3BF6100C4B406 /* PaySandBoxViewController.m in Sources */,
				362797EE1FE3BF6100C4B406 /* BCQueryRefundsCountResp.m in Sources */,
				3697504C1B68C6D5009FAEDB /* GuideViewController.m in Sources */,
				362797DA1FE3BF6100C4B406 /* BCPreRefundReq.m in Sources */,
				362797F41FE3BF6100C4B406 /* BCPayCache.m in Sources */,
				362797D61FE3BF6100C4B406 /* BCPayResp.m in Sources */,
				3658B0021BB2A0DA00183C28 /* PayChannelCell.m in Sources */,
				362797F61FE3BF6100C4B406 /* BCURLRequestSerialization.m in Sources */,
				362797FC1FE3BF6100C4B406 /* BCNetworkHelper.m in Sources */,
				3627980C1FE3BF6100C4B406 /* WXPayAdapter.m in Sources */,
				362797E81FE3BF6100C4B406 /* BCQueryBillResult.m in Sources */,
				362798071FE3BF6100C4B406 /* BCOfflinePayReq.m in Sources */,
				362797ED1FE3BF6100C4B406 /* BCQueryRefundsCountReq.m in Sources */,
				362797D81FE3BF6100C4B406 /* BCSubscription.m in Sources */,
				362798031FE3BF6100C4B406 /* BCOfflineStatusResp.m in Sources */,
				362797E21FE3BF6100C4B406 /* BCQueryRefundsResp.m in Sources */,
				3697504B1B68C6D5009FAEDB /* QueryResultViewController.m in Sources */,
				367267DC1BAA63BC007D7C64 /* ScanViewController.m in Sources */,
				362797EB1FE3BF6100C4B406 /* BCQueryBillsReq.m in Sources */,
				362798081FE3BF6100C4B406 /* BCOfflineRevertReq.m in Sources */,
				362797FA1FE3BF6100C4B406 /* BCURLResponseSerialization.m in Sources */,
				362797EA1FE3BF6100C4B406 /* BCQueryRefundResult.m in Sources */,
				360A449E1D61A5B800668FF5 /* SubscriptionListViewController.m in Sources */,
				369B3A1C1BA9646300051CCE /* QRCodeViewController.m in Sources */,
				362797E51FE3BF6100C4B406 /* BCQueryRefundByIdResp.m in Sources */,
				362797D51FE3BF6100C4B406 /* BCPayReq.m in Sources */,
				362797F51FE3BF6100C4B406 /* NSDictionary+Utils.m in Sources */,
				366807C11D5DA7180050C9BB /* NewSubscriptionViewController.m in Sources */,
				369B3A191BA95CB300051CCE /* GenQrCode.m in Sources */,
				362797EF1FE3BF6100C4B406 /* BCAuthReq.m in Sources */,
				362797EC1FE3BF6100C4B406 /* BCQueryBillsResp.m in Sources */,
				362797E71FE3BF6100C4B406 /* BCQueryBillsCountReq.m in Sources */,
				362797F11FE3BF6100C4B406 /* NSString+IsValid.m in Sources */,
				362798041FE3BF6100C4B406 /* BCOfflinePayResp.m in Sources */,
				362797F91FE3BF6100C4B406 /* BCSecurityPolicy.m in Sources */,
				362797D91FE3BF6100C4B406 /* BCNewSubscription.m in Sources */,
				363AE73F1D546C55007AEE2F /* SubscriptionViewController.m in Sources */,
				362797DC1FE3BF6100C4B406 /* BCQueryBillByIdResp.m in Sources */,
				362797FB1FE3BF6100C4B406 /* BCURLSessionManager.m in Sources */,
				362798011FE3BF6100C4B406 /* AliPayAdapter.m in Sources */,
				362797F31FE3BF6100C4B406 /* BeeCloud+Utils.m in Sources */,
				362797F01FE3BF6100C4B406 /* BeeCloud.m in Sources */,
				362797DB1FE3BF6100C4B406 /* BCPreRefundResp.m in Sources */,
				362797F71FE3BF6100C4B406 /* BCHTTPSessionManager.m in Sources */,
				3627980B1FE3BF6100C4B406 /* ApplePayAdapter.mm in Sources */,
				362797F21FE3BF6100C4B406 /* BCPayUtil.m in Sources */,
				362797DD1FE3BF6100C4B406 /* BCQueryBillByIdReq.m in Sources */,
				362797DE1FE3BF6100C4B406 /* BCRefundStatusReq.m in Sources */,
				362797E91FE3BF6100C4B406 /* BCBaseResult.m in Sources */,
				362797FE1FE3BF6100C4B406 /* BCSandBoxAdapter.m in Sources */,
				369750261B68C659009FAEDB /* main.m in Sources */,
				362797E01FE3BF6100C4B406 /* BCBaseReq.m in Sources */,
				362797D71FE3BF6100C4B406 /* BCSubscriptionQuery.m in Sources */,
			);
			runOnlyForDeploymentPostprocessing = 0;
		};
		7C43BF811BEDE22B0039B4E4 /* Sources */ = {
			isa = PBXSourcesBuildPhase;
			buildActionMask = 2147483647;
			files = (
				36E66DED1C0849EC00A6F62B /* BCQueryRefundByIdReqTest.m in Sources */,
				36E556A41C2B8E1C00DACE7C /* BCPayCacheTest.m in Sources */,
				362FC8EF1BF5DE5F007450FF /* XCTestCase+AsyncTesting.m in Sources */,
				36E66DF21C0852CA00A6F62B /* BCQueryRefundsCountReqTest.m in Sources */,
				36E66DE51C08397300A6F62B /* BCQueryBillsReqTest.m in Sources */,
				7C43BF9A1BEDE8D00039B4E4 /* NSStringIsValidTest.m in Sources */,
				36E66DE91C083C5800A6F62B /* BCRefundStatusReqTest.m in Sources */,
				369462501C03FE3B002A35D0 /* BeeCloudTest.m in Sources */,
				36E66DF01C08508300A6F62B /* BCQueryBillsCountReqTest.m in Sources */,
				7C43BF941BEDE26F0039B4E4 /* BCPayUtilTest.m in Sources */,
				7C43BF9C1BEDED200039B4E4 /* NSDictionaryUtilsTest.m in Sources */,
				7C43BF951BEDE26F0039B4E4 /* BeeCloudUtilsTest.m in Sources */,
				36383E6D1D1D140E00CB6DBD /* BCPreRefundTest.m in Sources */,
				36E66DE71C083BC300A6F62B /* BCQueryRefundsReqTest.m in Sources */,
				36E66DE31C0837AC00A6F62B /* BCPayReqTest.m in Sources */,
				36E66DEB1C08431C00A6F62B /* BCQueryBillByIdReqTest.m in Sources */,
			);
			runOnlyForDeploymentPostprocessing = 0;
		};
/* End PBXSourcesBuildPhase section */

/* Begin PBXTargetDependency section */
		7C43BF8B1BEDE22B0039B4E4 /* PBXTargetDependency */ = {
			isa = PBXTargetDependency;
			target = 369750201B68C659009FAEDB /* BCPayExample */;
			targetProxy = 7C43BF8A1BEDE22B0039B4E4 /* PBXContainerItemProxy */;
		};
/* End PBXTargetDependency section */

/* Begin PBXVariantGroup section */
		3697502D1B68C659009FAEDB /* Main.storyboard */ = {
			isa = PBXVariantGroup;
			children = (
				3697502E1B68C659009FAEDB /* Base */,
				36AF1A261BB1590A0007592E /* zh-Hans */,
			);
			name = Main.storyboard;
			sourceTree = "<group>";
		};
		369750321B68C659009FAEDB /* LaunchScreen.xib */ = {
			isa = PBXVariantGroup;
			children = (
				369750331B68C659009FAEDB /* Base */,
				36AF1A271BB1590A0007592E /* zh-Hans */,
			);
			name = LaunchScreen.xib;
			sourceTree = "<group>";
		};
/* End PBXVariantGroup section */

/* Begin XCBuildConfiguration section */
		364BC5BB1B5E32FE00EAFCCE /* Debug */ = {
			isa = XCBuildConfiguration;
			buildSettings = {
				ALWAYS_SEARCH_USER_PATHS = NO;
				CLANG_ANALYZER_LOCALIZABILITY_NONLOCALIZED = YES;
				CLANG_CXX_LANGUAGE_STANDARD = "gnu++0x";
				CLANG_CXX_LIBRARY = "libc++";
				CLANG_ENABLE_MODULES = YES;
				CLANG_ENABLE_OBJC_ARC = YES;
				CLANG_WARN_BOOL_CONVERSION = YES;
				CLANG_WARN_CONSTANT_CONVERSION = YES;
				CLANG_WARN_DIRECT_OBJC_ISA_USAGE = YES_ERROR;
				CLANG_WARN_EMPTY_BODY = YES;
				CLANG_WARN_ENUM_CONVERSION = YES;
				CLANG_WARN_INFINITE_RECURSION = YES;
				CLANG_WARN_INT_CONVERSION = YES;
				CLANG_WARN_OBJC_ROOT_CLASS = YES_ERROR;
				CLANG_WARN_SUSPICIOUS_MOVE = YES;
				CLANG_WARN_UNREACHABLE_CODE = YES;
				CLANG_WARN__DUPLICATE_METHOD_MATCH = YES;
				COPY_PHASE_STRIP = NO;
				DEBUG_INFORMATION_FORMAT = "dwarf-with-dsym";
				ENABLE_STRICT_OBJC_MSGSEND = YES;
				ENABLE_TESTABILITY = YES;
				GCC_C_LANGUAGE_STANDARD = gnu99;
				GCC_DYNAMIC_NO_PIC = NO;
				GCC_NO_COMMON_BLOCKS = YES;
				GCC_OPTIMIZATION_LEVEL = 0;
				GCC_PREPROCESSOR_DEFINITIONS = (
					"DEBUG=1",
					"$(inherited)",
				);
				GCC_SYMBOLS_PRIVATE_EXTERN = NO;
				GCC_WARN_64_TO_32_BIT_CONVERSION = YES;
				GCC_WARN_ABOUT_RETURN_TYPE = YES_ERROR;
				GCC_WARN_UNDECLARED_SELECTOR = YES;
				GCC_WARN_UNINITIALIZED_AUTOS = YES_AGGRESSIVE;
				GCC_WARN_UNUSED_FUNCTION = YES;
				GCC_WARN_UNUSED_VARIABLE = YES;
				IPHONEOS_DEPLOYMENT_TARGET = 8.4;
				MTL_ENABLE_DEBUG_INFO = YES;
				ONLY_ACTIVE_ARCH = YES;
				SDKROOT = iphoneos;
			};
			name = Debug;
		};
		364BC5BC1B5E32FE00EAFCCE /* Release */ = {
			isa = XCBuildConfiguration;
			buildSettings = {
				ALWAYS_SEARCH_USER_PATHS = NO;
				CLANG_ANALYZER_LOCALIZABILITY_NONLOCALIZED = YES;
				CLANG_CXX_LANGUAGE_STANDARD = "gnu++0x";
				CLANG_CXX_LIBRARY = "libc++";
				CLANG_ENABLE_MODULES = YES;
				CLANG_ENABLE_OBJC_ARC = YES;
				CLANG_WARN_BOOL_CONVERSION = YES;
				CLANG_WARN_CONSTANT_CONVERSION = YES;
				CLANG_WARN_DIRECT_OBJC_ISA_USAGE = YES_ERROR;
				CLANG_WARN_EMPTY_BODY = YES;
				CLANG_WARN_ENUM_CONVERSION = YES;
				CLANG_WARN_INFINITE_RECURSION = YES;
				CLANG_WARN_INT_CONVERSION = YES;
				CLANG_WARN_OBJC_ROOT_CLASS = YES_ERROR;
				CLANG_WARN_SUSPICIOUS_MOVE = YES;
				CLANG_WARN_UNREACHABLE_CODE = YES;
				CLANG_WARN__DUPLICATE_METHOD_MATCH = YES;
				COPY_PHASE_STRIP = NO;
				DEBUG_INFORMATION_FORMAT = "dwarf-with-dsym";
				ENABLE_NS_ASSERTIONS = NO;
				ENABLE_STRICT_OBJC_MSGSEND = YES;
				GCC_C_LANGUAGE_STANDARD = gnu99;
				GCC_NO_COMMON_BLOCKS = YES;
				GCC_WARN_64_TO_32_BIT_CONVERSION = YES;
				GCC_WARN_ABOUT_RETURN_TYPE = YES_ERROR;
				GCC_WARN_UNDECLARED_SELECTOR = YES;
				GCC_WARN_UNINITIALIZED_AUTOS = YES_AGGRESSIVE;
				GCC_WARN_UNUSED_FUNCTION = YES;
				GCC_WARN_UNUSED_VARIABLE = YES;
				IPHONEOS_DEPLOYMENT_TARGET = 8.4;
				MTL_ENABLE_DEBUG_INFO = NO;
				SDKROOT = iphoneos;
				VALIDATE_PRODUCT = YES;
			};
			name = Release;
		};
		369750421B68C659009FAEDB /* Debug */ = {
			isa = XCBuildConfiguration;
			buildSettings = {
				ASSETCATALOG_COMPILER_APPICON_NAME = AppIcon;
				ASSETCATALOG_COMPILER_LAUNCHIMAGE_NAME = BrandAsset;
				CLANG_CXX_LANGUAGE_STANDARD = "gnu++0x";
				CLANG_CXX_LIBRARY = "libc++";
				CODE_SIGN_ENTITLEMENTS = BCPayExample/BCPay.entitlements;
				CODE_SIGN_IDENTITY = "iPhone Developer";
				"CODE_SIGN_IDENTITY[sdk=iphoneos*]" = "iPhone Developer";
				ENABLE_BITCODE = NO;
				FRAMEWORK_SEARCH_PATHS = (
					"$(inherited)",
					"$(PROJECT_DIR)/BCPaySDK/Channel/AliPay",
					"$(PROJECT_DIR)/BCPayExample/BCPaySDK/Channel/AliPay",
				);
				GCC_INPUT_FILETYPE = automatic;
				GCC_PREPROCESSOR_DEFINITIONS = (
					"DEBUG=1",
					"$(inherited)",
				);
				INFOPLIST_FILE = BCPayExample/Info.plist;
				IPHONEOS_DEPLOYMENT_TARGET = 8.0;
				LD_RUNPATH_SEARCH_PATHS = "$(inherited) @executable_path/Frameworks";
				LIBRARY_SEARCH_PATHS = (
					"$(inherited)",
					"$(PROJECT_DIR)/BCPaySDK/Channel/UnionPay",
					"$(PROJECT_DIR)/BCPaySDK/Channel/WXPay",
					"$(PROJECT_DIR)/BCPaySDK/Channel/ApplePay",
					"$(PROJECT_DIR)/BCPayExample/BCPaySDK/Channel/ApplePay",
					"$(PROJECT_DIR)/BCPayExample/BCPaySDK/Channel/UnionPay",
					"$(PROJECT_DIR)/BCPayExample/BCPaySDK/Channel/WXPay",
				);
				ONLY_ACTIVE_ARCH = NO;
				OTHER_LDFLAGS = "-ObjC";
				PRODUCT_BUNDLE_IDENTIFIER = cn.beecloud.BeeCloud;
				PRODUCT_NAME = BCPay;
				PROVISIONING_PROFILE = "";
				TARGETED_DEVICE_FAMILY = "1,2";
				USER_HEADER_SEARCH_PATHS = "$(SRCROOT)/**";
				VALID_ARCHS = "arm64 armv7 armv7s x86_64";
			};
			name = Debug;
		};
		369750431B68C659009FAEDB /* Release */ = {
			isa = XCBuildConfiguration;
			buildSettings = {
				ASSETCATALOG_COMPILER_APPICON_NAME = AppIcon;
				ASSETCATALOG_COMPILER_LAUNCHIMAGE_NAME = BrandAsset;
				CLANG_CXX_LANGUAGE_STANDARD = "gnu++0x";
				CLANG_CXX_LIBRARY = "libc++";
				CODE_SIGN_ENTITLEMENTS = BCPayExample/BCPay.entitlements;
				CODE_SIGN_IDENTITY = "iPhone Developer";
				"CODE_SIGN_IDENTITY[sdk=iphoneos*]" = "iPhone Developer";
				ENABLE_BITCODE = NO;
				FRAMEWORK_SEARCH_PATHS = (
					"$(inherited)",
					"$(PROJECT_DIR)/BCPaySDK/Channel/AliPay",
					"$(PROJECT_DIR)/BCPayExample/BCPaySDK/Channel/AliPay",
				);
				GCC_INPUT_FILETYPE = automatic;
				INFOPLIST_FILE = BCPayExample/Info.plist;
				IPHONEOS_DEPLOYMENT_TARGET = 8.0;
				LD_RUNPATH_SEARCH_PATHS = "$(inherited) @executable_path/Frameworks";
				LIBRARY_SEARCH_PATHS = (
					"$(inherited)",
					"$(PROJECT_DIR)/BCPaySDK/Channel/UnionPay",
					"$(PROJECT_DIR)/BCPaySDK/Channel/WXPay",
					"$(PROJECT_DIR)/BCPaySDK/Channel/ApplePay",
					"$(PROJECT_DIR)/BCPayExample/BCPaySDK/Channel/ApplePay",
					"$(PROJECT_DIR)/BCPayExample/BCPaySDK/Channel/UnionPay",
					"$(PROJECT_DIR)/BCPayExample/BCPaySDK/Channel/WXPay",
				);
				ONLY_ACTIVE_ARCH = NO;
				OTHER_LDFLAGS = "-ObjC";
				PRODUCT_BUNDLE_IDENTIFIER = cn.beecloud.BeeCloud;
				PRODUCT_NAME = BCPay;
				PROVISIONING_PROFILE = "";
				TARGETED_DEVICE_FAMILY = "1,2";
				USER_HEADER_SEARCH_PATHS = "$(SRCROOT)/**";
				VALID_ARCHS = "arm64 armv7 armv7s x86_64";
			};
			name = Release;
		};
		7C43BF8D1BEDE22B0039B4E4 /* Debug */ = {
			isa = XCBuildConfiguration;
			buildSettings = {
				BUNDLE_LOADER = "$(TEST_HOST)";
				"CODE_SIGN_IDENTITY[sdk=iphoneos*]" = "iPhone Developer";
				DEBUG_INFORMATION_FORMAT = dwarf;
				HEADER_SEARCH_PATHS = "";
				INFOPLIST_FILE = BCPayTest/Info.plist;
				IPHONEOS_DEPLOYMENT_TARGET = 8.0;
				LD_RUNPATH_SEARCH_PATHS = "$(inherited) @executable_path/Frameworks @loader_path/Frameworks";
				LIBRARY_SEARCH_PATHS = "$(inherited)";
				ONLY_ACTIVE_ARCH = NO;
				OTHER_LDFLAGS = "-ObjC";
				PRODUCT_BUNDLE_IDENTIFIER = cn.beecloud.BCPayTest;
				PRODUCT_NAME = "$(TARGET_NAME)";
				TEST_HOST = "$(BUILT_PRODUCTS_DIR)/BCPay.app/BCPay";
				VALID_ARCHS = "arm64 armv7 x86_64 armv7s";
			};
			name = Debug;
		};
		7C43BF8E1BEDE22B0039B4E4 /* Release */ = {
			isa = XCBuildConfiguration;
			buildSettings = {
				BUNDLE_LOADER = "$(TEST_HOST)";
				"CODE_SIGN_IDENTITY[sdk=iphoneos*]" = "iPhone Developer";
				HEADER_SEARCH_PATHS = "";
				INFOPLIST_FILE = BCPayTest/Info.plist;
				IPHONEOS_DEPLOYMENT_TARGET = 8.0;
				LD_RUNPATH_SEARCH_PATHS = "$(inherited) @executable_path/Frameworks @loader_path/Frameworks";
				LIBRARY_SEARCH_PATHS = "$(inherited)";
				OTHER_LDFLAGS = "-ObjC";
				PRODUCT_BUNDLE_IDENTIFIER = cn.beecloud.BCPayTest;
				PRODUCT_NAME = "$(TARGET_NAME)";
				TEST_HOST = "$(BUILT_PRODUCTS_DIR)/BCPay.app/BCPay";
				VALID_ARCHS = "arm64 armv7 x86_64 armv7s";
			};
			name = Release;
		};
/* End XCBuildConfiguration section */

/* Begin XCConfigurationList section */
		364BC5A41B5E32FD00EAFCCE /* Build configuration list for PBXProject "BCPay" */ = {
			isa = XCConfigurationList;
			buildConfigurations = (
				364BC5BB1B5E32FE00EAFCCE /* Debug */,
				364BC5BC1B5E32FE00EAFCCE /* Release */,
			);
			defaultConfigurationIsVisible = 0;
			defaultConfigurationName = Release;
		};
		369750411B68C659009FAEDB /* Build configuration list for PBXNativeTarget "BCPayExample" */ = {
			isa = XCConfigurationList;
			buildConfigurations = (
				369750421B68C659009FAEDB /* Debug */,
				369750431B68C659009FAEDB /* Release */,
			);
			defaultConfigurationIsVisible = 0;
			defaultConfigurationName = Release;
		};
		7C43BF8C1BEDE22B0039B4E4 /* Build configuration list for PBXNativeTarget "BCPayTest" */ = {
			isa = XCConfigurationList;
			buildConfigurations = (
				7C43BF8D1BEDE22B0039B4E4 /* Debug */,
				7C43BF8E1BEDE22B0039B4E4 /* Release */,
			);
			defaultConfigurationIsVisible = 0;
			defaultConfigurationName = Release;
		};
/* End XCConfigurationList section */
	};
	rootObject = 364BC5A11B5E32FD00EAFCCE /* Project object */;
}
